// !$*UTF8*$!
{
	archiveVersion = 1;
	classes = {
	};
	objectVersion = 55;
	objects = {

/* Begin PBXBuildFile section */
		B516D12328B0E1BC00AB5E10 /* AuthorizationCoordinator.swift in Sources */ = {isa = PBXBuildFile; fileRef = B516D12228B0E1BC00AB5E10 /* AuthorizationCoordinator.swift */; };
		B516D12628B0E20400AB5E10 /* TabBarCoordinator.swift in Sources */ = {isa = PBXBuildFile; fileRef = B516D12528B0E20400AB5E10 /* TabBarCoordinator.swift */; };
		B516D12B28B0E43800AB5E10 /* LoginVKView.swift in Sources */ = {isa = PBXBuildFile; fileRef = B516D12A28B0E43800AB5E10 /* LoginVKView.swift */; };
		B516D12D28B0E4A100AB5E10 /* LoginVKViewModel.swift in Sources */ = {isa = PBXBuildFile; fileRef = B516D12C28B0E4A100AB5E10 /* LoginVKViewModel.swift */; };
		B516D12F28B0E4BB00AB5E10 /* LoginVKRouter.swift in Sources */ = {isa = PBXBuildFile; fileRef = B516D12E28B0E4BB00AB5E10 /* LoginVKRouter.swift */; };
		B516D13128B118DB00AB5E10 /* WebRouter.swift in Sources */ = {isa = PBXBuildFile; fileRef = B516D13028B118DB00AB5E10 /* WebRouter.swift */; };
		B516D13328B154C200AB5E10 /* GroupRouter.swift in Sources */ = {isa = PBXBuildFile; fileRef = B516D13228B154C200AB5E10 /* GroupRouter.swift */; };
		B516D13928B1561400AB5E10 /* PhotosCoordinator.swift in Sources */ = {isa = PBXBuildFile; fileRef = B516D13828B1561400AB5E10 /* PhotosCoordinator.swift */; };
		B516D13E28B17F0F00AB5E10 /* GroupsCoordinator.swift in Sources */ = {isa = PBXBuildFile; fileRef = B516D13D28B17F0F00AB5E10 /* GroupsCoordinator.swift */; };
		B516D14828B59E1D00AB5E10 /* ServerUserModel.swift in Sources */ = {isa = PBXBuildFile; fileRef = B516D14728B59E1C00AB5E10 /* ServerUserModel.swift */; };
		B56532B428A30D7700669546 /* ServerFriendModel.swift in Sources */ = {isa = PBXBuildFile; fileRef = B56532B328A30D7700669546 /* ServerFriendModel.swift */; };
		B56532B628A30DB800669546 /* FriendModel.swift in Sources */ = {isa = PBXBuildFile; fileRef = B56532B528A30DB800669546 /* FriendModel.swift */; };
		B56532B828A30DF300669546 /* BaseModelMapper.swift in Sources */ = {isa = PBXBuildFile; fileRef = B56532B728A30DF300669546 /* BaseModelMapper.swift */; };
		B56532BA28A30E4500669546 /* FriendModelMapper.swift in Sources */ = {isa = PBXBuildFile; fileRef = B56532B928A30E4500669546 /* FriendModelMapper.swift */; };
		B56532BC28A30E9A00669546 /* Extensions + String.swift in Sources */ = {isa = PBXBuildFile; fileRef = B56532BB28A30E9A00669546 /* Extensions + String.swift */; };
		B56532BE28A30F4E00669546 /* ServerGroupModel.swift in Sources */ = {isa = PBXBuildFile; fileRef = B56532BD28A30F4E00669546 /* ServerGroupModel.swift */; };
		B56532C028A31B0900669546 /* GroupModelMapper.swift in Sources */ = {isa = PBXBuildFile; fileRef = B56532BF28A31B0900669546 /* GroupModelMapper.swift */; };
		B56532C228A31B3A00669546 /* GroupModel.swift in Sources */ = {isa = PBXBuildFile; fileRef = B56532C128A31B3A00669546 /* GroupModel.swift */; };
		B56532C428A31CB600669546 /* LocalStorage.swift in Sources */ = {isa = PBXBuildFile; fileRef = B56532C328A31CB600669546 /* LocalStorage.swift */; };
		B56532C628A31D0C00669546 /* Provider.swift in Sources */ = {isa = PBXBuildFile; fileRef = B56532C528A31D0C00669546 /* Provider.swift */; };
		B56532C828A31D2A00669546 /* APIError.swift in Sources */ = {isa = PBXBuildFile; fileRef = B56532C728A31D2A00669546 /* APIError.swift */; };
		B56532CA28A31D5E00669546 /* VKAPI.swift in Sources */ = {isa = PBXBuildFile; fileRef = B56532C928A31D5E00669546 /* VKAPI.swift */; };
		B56532CC28A31D7F00669546 /* Consts.swift in Sources */ = {isa = PBXBuildFile; fileRef = B56532CB28A31D7F00669546 /* Consts.swift */; };
		B56532CE28A31F2400669546 /* VKAPIService.swift in Sources */ = {isa = PBXBuildFile; fileRef = B56532CD28A31F2400669546 /* VKAPIService.swift */; };
		B56532D128A3200400669546 /* RepresentableWebView.swift in Sources */ = {isa = PBXBuildFile; fileRef = B56532D028A3200400669546 /* RepresentableWebView.swift */; };
		B56532D428A3209000669546 /* FriendsListView.swift in Sources */ = {isa = PBXBuildFile; fileRef = B56532D328A3209000669546 /* FriendsListView.swift */; };
		B56532D628A320AA00669546 /* FriendsListViewModel.swift in Sources */ = {isa = PBXBuildFile; fileRef = B56532D528A320AA00669546 /* FriendsListViewModel.swift */; };
		B56532D828A3217100669546 /* WebViewRepresentableModel.swift in Sources */ = {isa = PBXBuildFile; fileRef = B56532D728A3217100669546 /* WebViewRepresentableModel.swift */; };
		B56532DA28A3218900669546 /* ContentView.swift in Sources */ = {isa = PBXBuildFile; fileRef = B56532D928A3218900669546 /* ContentView.swift */; };
		B56532DD28A323B100669546 /* GroupListView.swift in Sources */ = {isa = PBXBuildFile; fileRef = B56532DC28A323B100669546 /* GroupListView.swift */; };
		B56532DF28A323CD00669546 /* GroupListViewModel.swift in Sources */ = {isa = PBXBuildFile; fileRef = B56532DE28A323CD00669546 /* GroupListViewModel.swift */; };
		B56532E228A3BE8A00669546 /* FriendsCellView.swift in Sources */ = {isa = PBXBuildFile; fileRef = B56532E128A3BE8A00669546 /* FriendsCellView.swift */; };
		B56532E528A3FACB00669546 /* GroupsCellView.swift in Sources */ = {isa = PBXBuildFile; fileRef = B56532E428A3FACB00669546 /* GroupsCellView.swift */; };
		B58DCCEF28A6E1DB00116A6E /* NetworkImage.swift in Sources */ = {isa = PBXBuildFile; fileRef = B58DCCEE28A6E1DB00116A6E /* NetworkImage.swift */; };
		B58DCCF228A6E28700116A6E /* Kingfisher in Frameworks */ = {isa = PBXBuildFile; productRef = B58DCCF128A6E28700116A6E /* Kingfisher */; };
		B58DCCF628AACAB300116A6E /* PhotoModel.swift in Sources */ = {isa = PBXBuildFile; fileRef = B58DCCF528AACAB200116A6E /* PhotoModel.swift */; };
		B58DCCF928AACE8900116A6E /* ServerPhotoModel.swift in Sources */ = {isa = PBXBuildFile; fileRef = B58DCCF828AACE8900116A6E /* ServerPhotoModel.swift */; };
		B58DCCFB28AACF5A00116A6E /* PhotoModelMapper.swift in Sources */ = {isa = PBXBuildFile; fileRef = B58DCCFA28AACF5A00116A6E /* PhotoModelMapper.swift */; };
		B58DCCFE28AB037700116A6E /* PhotoListViewModel.swift in Sources */ = {isa = PBXBuildFile; fileRef = B58DCCFD28AB037600116A6E /* PhotoListViewModel.swift */; };
		B58DCD0028AB03AE00116A6E /* AlbumListView.swift in Sources */ = {isa = PBXBuildFile; fileRef = B58DCCFF28AB03AE00116A6E /* AlbumListView.swift */; };
		B58DCD0328AB042600116A6E /* PhotoCellView.swift in Sources */ = {isa = PBXBuildFile; fileRef = B58DCD0228AB042600116A6E /* PhotoCellView.swift */; };
		B598DD6C28AD7D63006E65D1 /* Refresh.swift in Sources */ = {isa = PBXBuildFile; fileRef = B598DD6B28AD7D63006E65D1 /* Refresh.swift */; };
		B598DD6E28AD8EDA006E65D1 /* GroupInfoView.swift in Sources */ = {isa = PBXBuildFile; fileRef = B598DD6D28AD8EDA006E65D1 /* GroupInfoView.swift */; };
		B598DD7128AE39D9006E65D1 /* Stinsen in Frameworks */ = {isa = PBXBuildFile; productRef = B598DD7028AE39D9006E65D1 /* Stinsen */; };
		B598DD7428AE3A4D006E65D1 /* MainCoordinator.swift in Sources */ = {isa = PBXBuildFile; fileRef = B598DD7328AE3A4D006E65D1 /* MainCoordinator.swift */; };
		B598DD7928AE3E73006E65D1 /* AlbumsRouter.swift in Sources */ = {isa = PBXBuildFile; fileRef = B598DD7828AE3E73006E65D1 /* AlbumsRouter.swift */; };
		B5B198F028BD661B00AEF447 /* SearchBar.swift in Sources */ = {isa = PBXBuildFile; fileRef = B5B198EF28BD661B00AEF447 /* SearchBar.swift */; };
		B5B198F428BD79DE00AEF447 /* DateConverter.swift in Sources */ = {isa = PBXBuildFile; fileRef = B5B198F328BD79DE00AEF447 /* DateConverter.swift */; };
		B5B198F628BF5EAD00AEF447 /* Strings.swift in Sources */ = {isa = PBXBuildFile; fileRef = B5B198F528BF5EAD00AEF447 /* Strings.swift */; };
		B5B198FA28BF73D500AEF447 /* ExitViewModel.swift in Sources */ = {isa = PBXBuildFile; fileRef = B5B198F928BF73D500AEF447 /* ExitViewModel.swift */; };
		B5B198FC28BF741000AEF447 /* ExitView.swift in Sources */ = {isa = PBXBuildFile; fileRef = B5B198FB28BF741000AEF447 /* ExitView.swift */; };
		B5B8676B28B638EE00B33ADB /* UserModelMapper.swift in Sources */ = {isa = PBXBuildFile; fileRef = B5B8676A28B638EE00B33ADB /* UserModelMapper.swift */; };
		B5B8677028B63EE900B33ADB /* UserView.swift in Sources */ = {isa = PBXBuildFile; fileRef = B5B8676F28B63EE900B33ADB /* UserView.swift */; };
		B5B8677228B63EF600B33ADB /* UserViewModel.swift in Sources */ = {isa = PBXBuildFile; fileRef = B5B8677128B63EF600B33ADB /* UserViewModel.swift */; };
		B5B8677528B68E1200B33ADB /* FriendsCoordinator.swift in Sources */ = {isa = PBXBuildFile; fileRef = B5B8677428B68E1200B33ADB /* FriendsCoordinator.swift */; };
		B5B8677728B68F8B00B33ADB /* FriendsRouter.swift in Sources */ = {isa = PBXBuildFile; fileRef = B5B8677628B68F8B00B33ADB /* FriendsRouter.swift */; };
		B5BD78B028AB93EE0045432B /* AlbumModel.swift in Sources */ = {isa = PBXBuildFile; fileRef = B5BD78AF28AB93EE0045432B /* AlbumModel.swift */; };
		B5BD78B228AB96FA0045432B /* ServerAlbumModel.swift in Sources */ = {isa = PBXBuildFile; fileRef = B5BD78B128AB96FA0045432B /* ServerAlbumModel.swift */; };
		B5BD78B428AB97D80045432B /* AlbumModelMapper.swift in Sources */ = {isa = PBXBuildFile; fileRef = B5BD78B328AB97D80045432B /* AlbumModelMapper.swift */; };
		B5BD78B628AB9A350045432B /* AlbumsCellView.swift in Sources */ = {isa = PBXBuildFile; fileRef = B5BD78B528AB9A350045432B /* AlbumsCellView.swift */; };
		B5BD78B828AB9B690045432B /* AlbumListViewModel.swift in Sources */ = {isa = PBXBuildFile; fileRef = B5BD78B728AB9B690045432B /* AlbumListViewModel.swift */; };
		B5BD78BA28AB9F9F0045432B /* PhotoListView.swift in Sources */ = {isa = PBXBuildFile; fileRef = B5BD78B928AB9F9F0045432B /* PhotoListView.swift */; };
		B5FE082528A2F83F001CA237 /* VKProjectApp.swift in Sources */ = {isa = PBXBuildFile; fileRef = B5FE082428A2F83F001CA237 /* VKProjectApp.swift */; };
		B5FE082928A2F842001CA237 /* Assets.xcassets in Resources */ = {isa = PBXBuildFile; fileRef = B5FE082828A2F842001CA237 /* Assets.xcassets */; };
		B5FE082C28A2F842001CA237 /* Preview Assets.xcassets in Resources */ = {isa = PBXBuildFile; fileRef = B5FE082B28A2F842001CA237 /* Preview Assets.xcassets */; };
		B5FE083428A2F974001CA237 /* CombineMoya in Frameworks */ = {isa = PBXBuildFile; productRef = B5FE083328A2F974001CA237 /* CombineMoya */; };
		B5FE083628A2F974001CA237 /* Moya in Frameworks */ = {isa = PBXBuildFile; productRef = B5FE083528A2F974001CA237 /* Moya */; };
		B5FE083928A2F98D001CA237 /* CombineExt in Frameworks */ = {isa = PBXBuildFile; productRef = B5FE083828A2F98D001CA237 /* CombineExt */; };
		B5FE084B28A2FC67001CA237 /* AppButtonsStyleSettings.swift in Sources */ = {isa = PBXBuildFile; fileRef = B5FE084A28A2FC67001CA237 /* AppButtonsStyleSettings.swift */; };
		B5FE085728A2FDF5001CA237 /* ButtonModel.swift in Sources */ = {isa = PBXBuildFile; fileRef = B5FE085628A2FDF5001CA237 /* ButtonModel.swift */; };
		B5FE085928A2FE3C001CA237 /* UserModel.swift in Sources */ = {isa = PBXBuildFile; fileRef = B5FE085828A2FE3C001CA237 /* UserModel.swift */; };
/* End PBXBuildFile section */

/* Begin PBXFileReference section */
		B516D12228B0E1BC00AB5E10 /* AuthorizationCoordinator.swift */ = {isa = PBXFileReference; lastKnownFileType = sourcecode.swift; path = AuthorizationCoordinator.swift; sourceTree = "<group>"; };
		B516D12528B0E20400AB5E10 /* TabBarCoordinator.swift */ = {isa = PBXFileReference; lastKnownFileType = sourcecode.swift; path = TabBarCoordinator.swift; sourceTree = "<group>"; };
		B516D12A28B0E43800AB5E10 /* LoginVKView.swift */ = {isa = PBXFileReference; lastKnownFileType = sourcecode.swift; path = LoginVKView.swift; sourceTree = "<group>"; };
		B516D12C28B0E4A100AB5E10 /* LoginVKViewModel.swift */ = {isa = PBXFileReference; lastKnownFileType = sourcecode.swift; path = LoginVKViewModel.swift; sourceTree = "<group>"; };
		B516D12E28B0E4BB00AB5E10 /* LoginVKRouter.swift */ = {isa = PBXFileReference; lastKnownFileType = sourcecode.swift; path = LoginVKRouter.swift; sourceTree = "<group>"; };
		B516D13028B118DB00AB5E10 /* WebRouter.swift */ = {isa = PBXFileReference; lastKnownFileType = sourcecode.swift; path = WebRouter.swift; sourceTree = "<group>"; };
		B516D13228B154C200AB5E10 /* GroupRouter.swift */ = {isa = PBXFileReference; lastKnownFileType = sourcecode.swift; path = GroupRouter.swift; sourceTree = "<group>"; };
		B516D13828B1561400AB5E10 /* PhotosCoordinator.swift */ = {isa = PBXFileReference; lastKnownFileType = sourcecode.swift; path = PhotosCoordinator.swift; sourceTree = "<group>"; };
		B516D13D28B17F0F00AB5E10 /* GroupsCoordinator.swift */ = {isa = PBXFileReference; lastKnownFileType = sourcecode.swift; path = GroupsCoordinator.swift; sourceTree = "<group>"; };
		B516D14728B59E1C00AB5E10 /* ServerUserModel.swift */ = {isa = PBXFileReference; lastKnownFileType = sourcecode.swift; path = ServerUserModel.swift; sourceTree = "<group>"; };
		B56532B328A30D7700669546 /* ServerFriendModel.swift */ = {isa = PBXFileReference; lastKnownFileType = sourcecode.swift; path = ServerFriendModel.swift; sourceTree = "<group>"; };
		B56532B528A30DB800669546 /* FriendModel.swift */ = {isa = PBXFileReference; lastKnownFileType = sourcecode.swift; path = FriendModel.swift; sourceTree = "<group>"; };
		B56532B728A30DF300669546 /* BaseModelMapper.swift */ = {isa = PBXFileReference; lastKnownFileType = sourcecode.swift; path = BaseModelMapper.swift; sourceTree = "<group>"; };
		B56532B928A30E4500669546 /* FriendModelMapper.swift */ = {isa = PBXFileReference; lastKnownFileType = sourcecode.swift; path = FriendModelMapper.swift; sourceTree = "<group>"; };
		B56532BB28A30E9A00669546 /* Extensions + String.swift */ = {isa = PBXFileReference; lastKnownFileType = sourcecode.swift; path = "Extensions + String.swift"; sourceTree = "<group>"; };
		B56532BD28A30F4E00669546 /* ServerGroupModel.swift */ = {isa = PBXFileReference; lastKnownFileType = sourcecode.swift; path = ServerGroupModel.swift; sourceTree = "<group>"; };
		B56532BF28A31B0900669546 /* GroupModelMapper.swift */ = {isa = PBXFileReference; lastKnownFileType = sourcecode.swift; path = GroupModelMapper.swift; sourceTree = "<group>"; };
		B56532C128A31B3A00669546 /* GroupModel.swift */ = {isa = PBXFileReference; lastKnownFileType = sourcecode.swift; path = GroupModel.swift; sourceTree = "<group>"; };
		B56532C328A31CB600669546 /* LocalStorage.swift */ = {isa = PBXFileReference; lastKnownFileType = sourcecode.swift; path = LocalStorage.swift; sourceTree = "<group>"; };
		B56532C528A31D0C00669546 /* Provider.swift */ = {isa = PBXFileReference; lastKnownFileType = sourcecode.swift; path = Provider.swift; sourceTree = "<group>"; };
		B56532C728A31D2A00669546 /* APIError.swift */ = {isa = PBXFileReference; lastKnownFileType = sourcecode.swift; path = APIError.swift; sourceTree = "<group>"; };
		B56532C928A31D5E00669546 /* VKAPI.swift */ = {isa = PBXFileReference; lastKnownFileType = sourcecode.swift; path = VKAPI.swift; sourceTree = "<group>"; };
		B56532CB28A31D7F00669546 /* Consts.swift */ = {isa = PBXFileReference; lastKnownFileType = sourcecode.swift; path = Consts.swift; sourceTree = "<group>"; };
		B56532CD28A31F2400669546 /* VKAPIService.swift */ = {isa = PBXFileReference; lastKnownFileType = sourcecode.swift; path = VKAPIService.swift; sourceTree = "<group>"; };
		B56532D028A3200400669546 /* RepresentableWebView.swift */ = {isa = PBXFileReference; lastKnownFileType = sourcecode.swift; path = RepresentableWebView.swift; sourceTree = "<group>"; };
		B56532D328A3209000669546 /* FriendsListView.swift */ = {isa = PBXFileReference; lastKnownFileType = sourcecode.swift; path = FriendsListView.swift; sourceTree = "<group>"; };
		B56532D528A320AA00669546 /* FriendsListViewModel.swift */ = {isa = PBXFileReference; lastKnownFileType = sourcecode.swift; path = FriendsListViewModel.swift; sourceTree = "<group>"; };
		B56532D728A3217100669546 /* WebViewRepresentableModel.swift */ = {isa = PBXFileReference; lastKnownFileType = sourcecode.swift; path = WebViewRepresentableModel.swift; sourceTree = "<group>"; };
		B56532D928A3218900669546 /* ContentView.swift */ = {isa = PBXFileReference; lastKnownFileType = sourcecode.swift; path = ContentView.swift; sourceTree = "<group>"; };
		B56532DC28A323B100669546 /* GroupListView.swift */ = {isa = PBXFileReference; lastKnownFileType = sourcecode.swift; path = GroupListView.swift; sourceTree = "<group>"; };
		B56532DE28A323CD00669546 /* GroupListViewModel.swift */ = {isa = PBXFileReference; lastKnownFileType = sourcecode.swift; path = GroupListViewModel.swift; sourceTree = "<group>"; };
		B56532E128A3BE8A00669546 /* FriendsCellView.swift */ = {isa = PBXFileReference; lastKnownFileType = sourcecode.swift; path = FriendsCellView.swift; sourceTree = "<group>"; };
		B56532E428A3FACB00669546 /* GroupsCellView.swift */ = {isa = PBXFileReference; lastKnownFileType = sourcecode.swift; path = GroupsCellView.swift; sourceTree = "<group>"; };
		B58DCCEE28A6E1DB00116A6E /* NetworkImage.swift */ = {isa = PBXFileReference; lastKnownFileType = sourcecode.swift; path = NetworkImage.swift; sourceTree = "<group>"; };
		B58DCCF528AACAB200116A6E /* PhotoModel.swift */ = {isa = PBXFileReference; lastKnownFileType = sourcecode.swift; path = PhotoModel.swift; sourceTree = "<group>"; };
		B58DCCF828AACE8900116A6E /* ServerPhotoModel.swift */ = {isa = PBXFileReference; lastKnownFileType = sourcecode.swift; path = ServerPhotoModel.swift; sourceTree = "<group>"; };
		B58DCCFA28AACF5A00116A6E /* PhotoModelMapper.swift */ = {isa = PBXFileReference; lastKnownFileType = sourcecode.swift; path = PhotoModelMapper.swift; sourceTree = "<group>"; };
		B58DCCFD28AB037600116A6E /* PhotoListViewModel.swift */ = {isa = PBXFileReference; lastKnownFileType = sourcecode.swift; path = PhotoListViewModel.swift; sourceTree = "<group>"; };
		B58DCCFF28AB03AE00116A6E /* AlbumListView.swift */ = {isa = PBXFileReference; lastKnownFileType = sourcecode.swift; path = AlbumListView.swift; sourceTree = "<group>"; };
		B58DCD0228AB042600116A6E /* PhotoCellView.swift */ = {isa = PBXFileReference; lastKnownFileType = sourcecode.swift; path = PhotoCellView.swift; sourceTree = "<group>"; };
		B598DD6B28AD7D63006E65D1 /* Refresh.swift */ = {isa = PBXFileReference; lastKnownFileType = sourcecode.swift; path = Refresh.swift; sourceTree = "<group>"; };
		B598DD6D28AD8EDA006E65D1 /* GroupInfoView.swift */ = {isa = PBXFileReference; lastKnownFileType = sourcecode.swift; path = GroupInfoView.swift; sourceTree = "<group>"; };
		B598DD7328AE3A4D006E65D1 /* MainCoordinator.swift */ = {isa = PBXFileReference; lastKnownFileType = sourcecode.swift; path = MainCoordinator.swift; sourceTree = "<group>"; };
		B598DD7828AE3E73006E65D1 /* AlbumsRouter.swift */ = {isa = PBXFileReference; lastKnownFileType = sourcecode.swift; path = AlbumsRouter.swift; sourceTree = "<group>"; };
		B5B198EF28BD661B00AEF447 /* SearchBar.swift */ = {isa = PBXFileReference; lastKnownFileType = sourcecode.swift; path = SearchBar.swift; sourceTree = "<group>"; };
		B5B198F328BD79DE00AEF447 /* DateConverter.swift */ = {isa = PBXFileReference; lastKnownFileType = sourcecode.swift; path = DateConverter.swift; sourceTree = "<group>"; };
		B5B198F528BF5EAD00AEF447 /* Strings.swift */ = {isa = PBXFileReference; lastKnownFileType = sourcecode.swift; path = Strings.swift; sourceTree = "<group>"; };
		B5B198F928BF73D500AEF447 /* ExitViewModel.swift */ = {isa = PBXFileReference; lastKnownFileType = sourcecode.swift; path = ExitViewModel.swift; sourceTree = "<group>"; };
		B5B198FB28BF741000AEF447 /* ExitView.swift */ = {isa = PBXFileReference; lastKnownFileType = sourcecode.swift; path = ExitView.swift; sourceTree = "<group>"; };
		B5B8676A28B638EE00B33ADB /* UserModelMapper.swift */ = {isa = PBXFileReference; lastKnownFileType = sourcecode.swift; path = UserModelMapper.swift; sourceTree = "<group>"; };
		B5B8676F28B63EE900B33ADB /* UserView.swift */ = {isa = PBXFileReference; lastKnownFileType = sourcecode.swift; path = UserView.swift; sourceTree = "<group>"; };
		B5B8677128B63EF600B33ADB /* UserViewModel.swift */ = {isa = PBXFileReference; lastKnownFileType = sourcecode.swift; path = UserViewModel.swift; sourceTree = "<group>"; };
		B5B8677428B68E1200B33ADB /* FriendsCoordinator.swift */ = {isa = PBXFileReference; lastKnownFileType = sourcecode.swift; path = FriendsCoordinator.swift; sourceTree = "<group>"; };
		B5B8677628B68F8B00B33ADB /* FriendsRouter.swift */ = {isa = PBXFileReference; lastKnownFileType = sourcecode.swift; path = FriendsRouter.swift; sourceTree = "<group>"; };
		B5BD78AF28AB93EE0045432B /* AlbumModel.swift */ = {isa = PBXFileReference; lastKnownFileType = sourcecode.swift; path = AlbumModel.swift; sourceTree = "<group>"; };
		B5BD78B128AB96FA0045432B /* ServerAlbumModel.swift */ = {isa = PBXFileReference; lastKnownFileType = sourcecode.swift; path = ServerAlbumModel.swift; sourceTree = "<group>"; };
		B5BD78B328AB97D80045432B /* AlbumModelMapper.swift */ = {isa = PBXFileReference; lastKnownFileType = sourcecode.swift; path = AlbumModelMapper.swift; sourceTree = "<group>"; };
		B5BD78B528AB9A350045432B /* AlbumsCellView.swift */ = {isa = PBXFileReference; lastKnownFileType = sourcecode.swift; path = AlbumsCellView.swift; sourceTree = "<group>"; };
		B5BD78B728AB9B690045432B /* AlbumListViewModel.swift */ = {isa = PBXFileReference; lastKnownFileType = sourcecode.swift; path = AlbumListViewModel.swift; sourceTree = "<group>"; };
		B5BD78B928AB9F9F0045432B /* PhotoListView.swift */ = {isa = PBXFileReference; lastKnownFileType = sourcecode.swift; path = PhotoListView.swift; sourceTree = "<group>"; };
		B5FE082128A2F83F001CA237 /* VKProject.app */ = {isa = PBXFileReference; explicitFileType = wrapper.application; includeInIndex = 0; path = VKProject.app; sourceTree = BUILT_PRODUCTS_DIR; };
		B5FE082428A2F83F001CA237 /* VKProjectApp.swift */ = {isa = PBXFileReference; lastKnownFileType = sourcecode.swift; path = VKProjectApp.swift; sourceTree = "<group>"; };
		B5FE082828A2F842001CA237 /* Assets.xcassets */ = {isa = PBXFileReference; lastKnownFileType = folder.assetcatalog; path = Assets.xcassets; sourceTree = "<group>"; };
		B5FE082B28A2F842001CA237 /* Preview Assets.xcassets */ = {isa = PBXFileReference; lastKnownFileType = folder.assetcatalog; path = "Preview Assets.xcassets"; sourceTree = "<group>"; };
		B5FE084A28A2FC67001CA237 /* AppButtonsStyleSettings.swift */ = {isa = PBXFileReference; lastKnownFileType = sourcecode.swift; path = AppButtonsStyleSettings.swift; sourceTree = "<group>"; };
		B5FE085628A2FDF5001CA237 /* ButtonModel.swift */ = {isa = PBXFileReference; lastKnownFileType = sourcecode.swift; path = ButtonModel.swift; sourceTree = "<group>"; };
		B5FE085828A2FE3C001CA237 /* UserModel.swift */ = {isa = PBXFileReference; lastKnownFileType = sourcecode.swift; path = UserModel.swift; sourceTree = "<group>"; };
/* End PBXFileReference section */

/* Begin PBXFrameworksBuildPhase section */
		B5FE081E28A2F83F001CA237 /* Frameworks */ = {
			isa = PBXFrameworksBuildPhase;
			buildActionMask = 2147483647;
			files = (
				B58DCCF228A6E28700116A6E /* Kingfisher in Frameworks */,
				B5FE083628A2F974001CA237 /* Moya in Frameworks */,
				B5FE083928A2F98D001CA237 /* CombineExt in Frameworks */,
				B5FE083428A2F974001CA237 /* CombineMoya in Frameworks */,
				B598DD7128AE39D9006E65D1 /* Stinsen in Frameworks */,
			);
			runOnlyForDeploymentPostprocessing = 0;
		};
/* End PBXFrameworksBuildPhase section */

/* Begin PBXGroup section */
		B516D12128B0E1AB00AB5E10 /* Authorzation */ = {
			isa = PBXGroup;
			children = (
				B516D12228B0E1BC00AB5E10 /* AuthorizationCoordinator.swift */,
			);
			path = Authorzation;
			sourceTree = "<group>";
		};
		B516D12428B0E1F400AB5E10 /* TabBarCoordinator */ = {
			isa = PBXGroup;
			children = (
				B516D12528B0E20400AB5E10 /* TabBarCoordinator.swift */,
			);
			path = TabBarCoordinator;
			sourceTree = "<group>";
		};
		B516D12728B0E2B100AB5E10 /* Authorzation */ = {
			isa = PBXGroup;
			children = (
				B516D12828B0E3EA00AB5E10 /* LoginVKScreen */,
				B56532CF28A31FF000669546 /* WebView */,
			);
			path = Authorzation;
			sourceTree = "<group>";
		};
		B516D12828B0E3EA00AB5E10 /* LoginVKScreen */ = {
			isa = PBXGroup;
			children = (
				B516D12A28B0E43800AB5E10 /* LoginVKView.swift */,
				B516D12C28B0E4A100AB5E10 /* LoginVKViewModel.swift */,
				B516D12E28B0E4BB00AB5E10 /* LoginVKRouter.swift */,
			);
			path = LoginVKScreen;
			sourceTree = "<group>";
		};
		B516D13728B155F000AB5E10 /* PhotosCoordinator */ = {
			isa = PBXGroup;
			children = (
				B516D13828B1561400AB5E10 /* PhotosCoordinator.swift */,
			);
			path = PhotosCoordinator;
			sourceTree = "<group>";
		};
		B516D13C28B17EF300AB5E10 /* GroupsCoordinator */ = {
			isa = PBXGroup;
			children = (
				B516D13D28B17F0F00AB5E10 /* GroupsCoordinator.swift */,
			);
			path = GroupsCoordinator;
			sourceTree = "<group>";
		};
		B516D13F28B4E8E800AB5E10 /* PublicZone */ = {
			isa = PBXGroup;
			children = (
				B516D12728B0E2B100AB5E10 /* Authorzation */,
			);
			path = PublicZone;
			sourceTree = "<group>";
		};
		B516D14028B4E8FC00AB5E10 /* PrivateZone */ = {
			isa = PBXGroup;
			children = (
				B5B198F828BF732B00AEF447 /* ExitScreen */,
				B5B8676E28B63ED200B33ADB /* UserScreen */,
				B56532D228A3202900669546 /* FriendListView */,
				B58DCCFC28AB033E00116A6E /* PhotoView */,
				B56532DB28A3239200669546 /* GroupListView */,
			);
			path = PrivateZone;
			sourceTree = "<group>";
		};
		B516D14128B4E97900AB5E10 /* PhotoScreen */ = {
			isa = PBXGroup;
			children = (
				B516D14328B4E9AD00AB5E10 /* Components */,
				B5BD78B928AB9F9F0045432B /* PhotoListView.swift */,
				B58DCCFD28AB037600116A6E /* PhotoListViewModel.swift */,
			);
			path = PhotoScreen;
			sourceTree = "<group>";
		};
		B516D14228B4E98600AB5E10 /* AlbumsScreen */ = {
			isa = PBXGroup;
			children = (
				B516D14428B4E9BD00AB5E10 /* Components */,
				B58DCCFF28AB03AE00116A6E /* AlbumListView.swift */,
				B5BD78B728AB9B690045432B /* AlbumListViewModel.swift */,
				B598DD7828AE3E73006E65D1 /* AlbumsRouter.swift */,
			);
			path = AlbumsScreen;
			sourceTree = "<group>";
		};
		B516D14328B4E9AD00AB5E10 /* Components */ = {
			isa = PBXGroup;
			children = (
				B58DCD0228AB042600116A6E /* PhotoCellView.swift */,
			);
			path = Components;
			sourceTree = "<group>";
		};
		B516D14428B4E9BD00AB5E10 /* Components */ = {
			isa = PBXGroup;
			children = (
				B5BD78B528AB9A350045432B /* AlbumsCellView.swift */,
			);
			path = Components;
			sourceTree = "<group>";
		};
		B516D14528B5528E00AB5E10 /* AllGroupsScreen */ = {
			isa = PBXGroup;
			children = (
				B56532E328A3FAA900669546 /* Components */,
				B56532DC28A323B100669546 /* GroupListView.swift */,
				B56532DE28A323CD00669546 /* GroupListViewModel.swift */,
				B516D13228B154C200AB5E10 /* GroupRouter.swift */,
			);
			path = AllGroupsScreen;
			sourceTree = "<group>";
		};
		B516D14628B552A300AB5E10 /* GroupInfoScreen */ = {
			isa = PBXGroup;
			children = (
				B598DD6D28AD8EDA006E65D1 /* GroupInfoView.swift */,
			);
			path = GroupInfoScreen;
			sourceTree = "<group>";
		};
		B56532CF28A31FF000669546 /* WebView */ = {
			isa = PBXGroup;
			children = (
				B56532D928A3218900669546 /* ContentView.swift */,
				B56532D028A3200400669546 /* RepresentableWebView.swift */,
				B56532D728A3217100669546 /* WebViewRepresentableModel.swift */,
				B516D13028B118DB00AB5E10 /* WebRouter.swift */,
			);
			path = WebView;
			sourceTree = "<group>";
		};
		B56532D228A3202900669546 /* FriendListView */ = {
			isa = PBXGroup;
			children = (
				B56532E028A3BE6A00669546 /* Components */,
				B56532D328A3209000669546 /* FriendsListView.swift */,
				B56532D528A320AA00669546 /* FriendsListViewModel.swift */,
				B5B8677628B68F8B00B33ADB /* FriendsRouter.swift */,
			);
			path = FriendListView;
			sourceTree = "<group>";
		};
		B56532DB28A3239200669546 /* GroupListView */ = {
			isa = PBXGroup;
			children = (
				B516D14628B552A300AB5E10 /* GroupInfoScreen */,
				B516D14528B5528E00AB5E10 /* AllGroupsScreen */,
			);
			path = GroupListView;
			sourceTree = "<group>";
		};
		B56532E028A3BE6A00669546 /* Components */ = {
			isa = PBXGroup;
			children = (
				B56532E128A3BE8A00669546 /* FriendsCellView.swift */,
			);
			path = Components;
			sourceTree = "<group>";
		};
		B56532E328A3FAA900669546 /* Components */ = {
			isa = PBXGroup;
			children = (
				B56532E428A3FACB00669546 /* GroupsCellView.swift */,
			);
			path = Components;
			sourceTree = "<group>";
		};
		B58DCCED28A6E1A200116A6E /* Images */ = {
			isa = PBXGroup;
			children = (
				B58DCCEE28A6E1DB00116A6E /* NetworkImage.swift */,
			);
			path = Images;
			sourceTree = "<group>";
		};
		B58DCCFC28AB033E00116A6E /* PhotoView */ = {
			isa = PBXGroup;
			children = (
				B516D14228B4E98600AB5E10 /* AlbumsScreen */,
				B516D14128B4E97900AB5E10 /* PhotoScreen */,
			);
			path = PhotoView;
			sourceTree = "<group>";
		};
		B598DD7228AE3A35006E65D1 /* Coordinators */ = {
			isa = PBXGroup;
			children = (
				B598DD7328AE3A4D006E65D1 /* MainCoordinator.swift */,
				B5B8677328B68DF300B33ADB /* FriendsCoordinator */,
				B516D13C28B17EF300AB5E10 /* GroupsCoordinator */,
				B516D13728B155F000AB5E10 /* PhotosCoordinator */,
				B516D12428B0E1F400AB5E10 /* TabBarCoordinator */,
				B516D12128B0E1AB00AB5E10 /* Authorzation */,
			);
			path = Coordinators;
			sourceTree = "<group>";
		};
		B5B198F128BD751400AEF447 /* PullToRefresh */ = {
			isa = PBXGroup;
			children = (
				B598DD6B28AD7D63006E65D1 /* Refresh.swift */,
			);
			path = PullToRefresh;
			sourceTree = "<group>";
		};
		B5B198F228BD751F00AEF447 /* SearchBar */ = {
			isa = PBXGroup;
			children = (
				B5B198EF28BD661B00AEF447 /* SearchBar.swift */,
			);
			path = SearchBar;
			sourceTree = "<group>";
		};
		B5B198F828BF732B00AEF447 /* ExitScreen */ = {
			isa = PBXGroup;
			children = (
				B5B198F928BF73D500AEF447 /* ExitViewModel.swift */,
				B5B198FB28BF741000AEF447 /* ExitView.swift */,
			);
			path = ExitScreen;
			sourceTree = "<group>";
		};
		B5B8676E28B63ED200B33ADB /* UserScreen */ = {
			isa = PBXGroup;
			children = (
				B5B8676F28B63EE900B33ADB /* UserView.swift */,
				B5B8677128B63EF600B33ADB /* UserViewModel.swift */,
			);
			path = UserScreen;
			sourceTree = "<group>";
		};
		B5B8677328B68DF300B33ADB /* FriendsCoordinator */ = {
			isa = PBXGroup;
			children = (
				B5B8677428B68E1200B33ADB /* FriendsCoordinator.swift */,
			);
			path = FriendsCoordinator;
			sourceTree = "<group>";
		};
		B5FE081828A2F83F001CA237 = {
			isa = PBXGroup;
			children = (
				B5FE082328A2F83F001CA237 /* VKProject */,
				B5FE082228A2F83F001CA237 /* Products */,
			);
			sourceTree = "<group>";
		};
		B5FE082228A2F83F001CA237 /* Products */ = {
			isa = PBXGroup;
			children = (
				B5FE082128A2F83F001CA237 /* VKProject.app */,
			);
			name = Products;
			sourceTree = "<group>";
		};
		B5FE082328A2F83F001CA237 /* VKProject */ = {
			isa = PBXGroup;
			children = (
				B5FE083B28A2FA54001CA237 /* App */,
				B598DD7228AE3A35006E65D1 /* Coordinators */,
				B5FE083F28A2FAF6001CA237 /* Models */,
				B5FE083C28A2FAA8001CA237 /* Services */,
				B5FE083D28A2FACF001CA237 /* Components */,
				B5FE084028A2FAFE001CA237 /* Modules */,
				B5FE083E28A2FAE2001CA237 /* Helpers */,
				B5FE083A28A2F9F6001CA237 /* Resources */,
				B5FE082A28A2F842001CA237 /* Preview Content */,
			);
			path = VKProject;
			sourceTree = "<group>";
		};
		B5FE082A28A2F842001CA237 /* Preview Content */ = {
			isa = PBXGroup;
			children = (
				B5FE082B28A2F842001CA237 /* Preview Assets.xcassets */,
			);
			path = "Preview Content";
			sourceTree = "<group>";
		};
		B5FE083A28A2F9F6001CA237 /* Resources */ = {
			isa = PBXGroup;
			children = (
				B5FE082828A2F842001CA237 /* Assets.xcassets */,
			);
			path = Resources;
			sourceTree = "<group>";
		};
		B5FE083B28A2FA54001CA237 /* App */ = {
			isa = PBXGroup;
			children = (
				B5FE082428A2F83F001CA237 /* VKProjectApp.swift */,
			);
			path = App;
			sourceTree = "<group>";
		};
		B5FE083C28A2FAA8001CA237 /* Services */ = {
			isa = PBXGroup;
			children = (
				B5FE084728A2FBC3001CA237 /* API */,
				B5FE084428A2FB7A001CA237 /* Storage */,
			);
			path = Services;
			sourceTree = "<group>";
		};
		B5FE083D28A2FACF001CA237 /* Components */ = {
			isa = PBXGroup;
			children = (
				B5B198F228BD751F00AEF447 /* SearchBar */,
				B5B198F128BD751400AEF447 /* PullToRefresh */,
				B58DCCED28A6E1A200116A6E /* Images */,
				B5FE084828A2FC22001CA237 /* Buttons */,
			);
			path = Components;
			sourceTree = "<group>";
		};
		B5FE083E28A2FAE2001CA237 /* Helpers */ = {
			isa = PBXGroup;
			children = (
				B56532BB28A30E9A00669546 /* Extensions + String.swift */,
				B56532CB28A31D7F00669546 /* Consts.swift */,
				B5B198F328BD79DE00AEF447 /* DateConverter.swift */,
				B5B198F528BF5EAD00AEF447 /* Strings.swift */,
			);
			path = Helpers;
			sourceTree = "<group>";
		};
		B5FE083F28A2FAF6001CA237 /* Models */ = {
			isa = PBXGroup;
			children = (
				B5FE084128A2FB33001CA237 /* Mappers */,
				B5FE084228A2FB40001CA237 /* ServerModels */,
				B5FE084328A2FB49001CA237 /* LocalModels */,
			);
			path = Models;
			sourceTree = "<group>";
		};
		B5FE084028A2FAFE001CA237 /* Modules */ = {
			isa = PBXGroup;
			children = (
				B516D14028B4E8FC00AB5E10 /* PrivateZone */,
				B516D13F28B4E8E800AB5E10 /* PublicZone */,
			);
			path = Modules;
			sourceTree = "<group>";
		};
		B5FE084128A2FB33001CA237 /* Mappers */ = {
			isa = PBXGroup;
			children = (
				B56532B728A30DF300669546 /* BaseModelMapper.swift */,
				B56532B928A30E4500669546 /* FriendModelMapper.swift */,
				B56532BF28A31B0900669546 /* GroupModelMapper.swift */,
				B58DCCFA28AACF5A00116A6E /* PhotoModelMapper.swift */,
				B5BD78B328AB97D80045432B /* AlbumModelMapper.swift */,
				B5B8676A28B638EE00B33ADB /* UserModelMapper.swift */,
			);
			path = Mappers;
			sourceTree = "<group>";
		};
		B5FE084228A2FB40001CA237 /* ServerModels */ = {
			isa = PBXGroup;
			children = (
				B56532B328A30D7700669546 /* ServerFriendModel.swift */,
				B56532BD28A30F4E00669546 /* ServerGroupModel.swift */,
				B58DCCF828AACE8900116A6E /* ServerPhotoModel.swift */,
				B5BD78B128AB96FA0045432B /* ServerAlbumModel.swift */,
				B516D14728B59E1C00AB5E10 /* ServerUserModel.swift */,
			);
			path = ServerModels;
			sourceTree = "<group>";
		};
		B5FE084328A2FB49001CA237 /* LocalModels */ = {
			isa = PBXGroup;
			children = (
				B5FE085628A2FDF5001CA237 /* ButtonModel.swift */,
				B5FE085828A2FE3C001CA237 /* UserModel.swift */,
				B56532B528A30DB800669546 /* FriendModel.swift */,
				B56532C128A31B3A00669546 /* GroupModel.swift */,
				B58DCCF528AACAB200116A6E /* PhotoModel.swift */,
				B5BD78AF28AB93EE0045432B /* AlbumModel.swift */,
			);
			path = LocalModels;
			sourceTree = "<group>";
		};
		B5FE084428A2FB7A001CA237 /* Storage */ = {
			isa = PBXGroup;
			children = (
				B56532C328A31CB600669546 /* LocalStorage.swift */,
			);
			path = Storage;
			sourceTree = "<group>";
		};
		B5FE084528A2FB88001CA237 /* VKAPIServices */ = {
			isa = PBXGroup;
			children = (
				B56532C928A31D5E00669546 /* VKAPI.swift */,
				B56532CD28A31F2400669546 /* VKAPIService.swift */,
			);
			path = VKAPIServices;
			sourceTree = "<group>";
		};
		B5FE084628A2FBA8001CA237 /* Error */ = {
			isa = PBXGroup;
			children = (
				B56532C728A31D2A00669546 /* APIError.swift */,
			);
			path = Error;
			sourceTree = "<group>";
		};
		B5FE084728A2FBC3001CA237 /* API */ = {
			isa = PBXGroup;
			children = (
				B5FE084528A2FB88001CA237 /* VKAPIServices */,
				B5FE084628A2FBA8001CA237 /* Error */,
				B56532C528A31D0C00669546 /* Provider.swift */,
			);
			path = API;
			sourceTree = "<group>";
		};
		B5FE084828A2FC22001CA237 /* Buttons */ = {
			isa = PBXGroup;
			children = (
				B5FE084928A2FC2A001CA237 /* AppButtons */,
			);
			path = Buttons;
			sourceTree = "<group>";
		};
		B5FE084928A2FC2A001CA237 /* AppButtons */ = {
			isa = PBXGroup;
			children = (
				B5FE084A28A2FC67001CA237 /* AppButtonsStyleSettings.swift */,
			);
			path = AppButtons;
			sourceTree = "<group>";
		};
/* End PBXGroup section */

/* Begin PBXNativeTarget section */
		B5FE082028A2F83F001CA237 /* VKProject */ = {
			isa = PBXNativeTarget;
			buildConfigurationList = B5FE082F28A2F842001CA237 /* Build configuration list for PBXNativeTarget "VKProject" */;
			buildPhases = (
				B5FE081D28A2F83F001CA237 /* Sources */,
				B5FE081E28A2F83F001CA237 /* Frameworks */,
				B5FE081F28A2F83F001CA237 /* Resources */,
			);
			buildRules = (
			);
			dependencies = (
			);
			name = VKProject;
			packageProductDependencies = (
				B5FE083328A2F974001CA237 /* CombineMoya */,
				B5FE083528A2F974001CA237 /* Moya */,
				B5FE083828A2F98D001CA237 /* CombineExt */,
				B58DCCF128A6E28700116A6E /* Kingfisher */,
				B598DD7028AE39D9006E65D1 /* Stinsen */,
			);
			productName = VKProject;
			productReference = B5FE082128A2F83F001CA237 /* VKProject.app */;
			productType = "com.apple.product-type.application";
		};
/* End PBXNativeTarget section */

/* Begin PBXProject section */
		B5FE081928A2F83F001CA237 /* Project object */ = {
			isa = PBXProject;
			attributes = {
				BuildIndependentTargetsInParallel = 1;
				LastSwiftUpdateCheck = 1330;
				LastUpgradeCheck = 1330;
				TargetAttributes = {
					B5FE082028A2F83F001CA237 = {
						CreatedOnToolsVersion = 13.3.1;
					};
				};
			};
			buildConfigurationList = B5FE081C28A2F83F001CA237 /* Build configuration list for PBXProject "VKProject" */;
			compatibilityVersion = "Xcode 13.0";
			developmentRegion = en;
			hasScannedForEncodings = 0;
			knownRegions = (
				en,
				Base,
			);
			mainGroup = B5FE081828A2F83F001CA237;
			packageReferences = (
				B5FE083228A2F974001CA237 /* XCRemoteSwiftPackageReference "Moya" */,
				B5FE083728A2F98D001CA237 /* XCRemoteSwiftPackageReference "CombineExt" */,
				B58DCCF028A6E28700116A6E /* XCRemoteSwiftPackageReference "Kingfisher" */,
				B598DD6F28AE39D9006E65D1 /* XCRemoteSwiftPackageReference "stinsen" */,
			);
			productRefGroup = B5FE082228A2F83F001CA237 /* Products */;
			projectDirPath = "";
			projectRoot = "";
			targets = (
				B5FE082028A2F83F001CA237 /* VKProject */,
			);
		};
/* End PBXProject section */

/* Begin PBXResourcesBuildPhase section */
		B5FE081F28A2F83F001CA237 /* Resources */ = {
			isa = PBXResourcesBuildPhase;
			buildActionMask = 2147483647;
			files = (
				B5FE082C28A2F842001CA237 /* Preview Assets.xcassets in Resources */,
				B5FE082928A2F842001CA237 /* Assets.xcassets in Resources */,
			);
			runOnlyForDeploymentPostprocessing = 0;
		};
/* End PBXResourcesBuildPhase section */

/* Begin PBXSourcesBuildPhase section */
		B5FE081D28A2F83F001CA237 /* Sources */ = {
			isa = PBXSourcesBuildPhase;
			buildActionMask = 2147483647;
			files = (
				B5FE085728A2FDF5001CA237 /* ButtonModel.swift in Sources */,
				B58DCD0328AB042600116A6E /* PhotoCellView.swift in Sources */,
				B5B8677728B68F8B00B33ADB /* FriendsRouter.swift in Sources */,
				B56532C028A31B0900669546 /* GroupModelMapper.swift in Sources */,
				B56532DD28A323B100669546 /* GroupListView.swift in Sources */,
				B598DD6E28AD8EDA006E65D1 /* GroupInfoView.swift in Sources */,
				B516D12628B0E20400AB5E10 /* TabBarCoordinator.swift in Sources */,
				B56532B828A30DF300669546 /* BaseModelMapper.swift in Sources */,
				B5B8677028B63EE900B33ADB /* UserView.swift in Sources */,
				B56532CE28A31F2400669546 /* VKAPIService.swift in Sources */,
				B516D12328B0E1BC00AB5E10 /* AuthorizationCoordinator.swift in Sources */,
				B5BD78B628AB9A350045432B /* AlbumsCellView.swift in Sources */,
				B516D13328B154C200AB5E10 /* GroupRouter.swift in Sources */,
				B5FE084B28A2FC67001CA237 /* AppButtonsStyleSettings.swift in Sources */,
				B5B198F428BD79DE00AEF447 /* DateConverter.swift in Sources */,
				B56532CC28A31D7F00669546 /* Consts.swift in Sources */,
				B5BD78B428AB97D80045432B /* AlbumModelMapper.swift in Sources */,
				B598DD7428AE3A4D006E65D1 /* MainCoordinator.swift in Sources */,
				B5BD78B828AB9B690045432B /* AlbumListViewModel.swift in Sources */,
				B56532C628A31D0C00669546 /* Provider.swift in Sources */,
				B5B198FA28BF73D500AEF447 /* ExitViewModel.swift in Sources */,
				B5B8677228B63EF600B33ADB /* UserViewModel.swift in Sources */,
				B56532E228A3BE8A00669546 /* FriendsCellView.swift in Sources */,
				B5B198F028BD661B00AEF447 /* SearchBar.swift in Sources */,
				B516D12F28B0E4BB00AB5E10 /* LoginVKRouter.swift in Sources */,
				B5BD78B228AB96FA0045432B /* ServerAlbumModel.swift in Sources */,
				B5FE085928A2FE3C001CA237 /* UserModel.swift in Sources */,
				B56532B428A30D7700669546 /* ServerFriendModel.swift in Sources */,
				B58DCCF628AACAB300116A6E /* PhotoModel.swift in Sources */,
				B58DCCFE28AB037700116A6E /* PhotoListViewModel.swift in Sources */,
				B5B198FC28BF741000AEF447 /* ExitView.swift in Sources */,
				B56532C828A31D2A00669546 /* APIError.swift in Sources */,
				B56532B628A30DB800669546 /* FriendModel.swift in Sources */,
				B5FE082528A2F83F001CA237 /* VKProjectApp.swift in Sources */,
				B516D12B28B0E43800AB5E10 /* LoginVKView.swift in Sources */,
				B5B198F628BF5EAD00AEF447 /* Strings.swift in Sources */,
				B56532C228A31B3A00669546 /* GroupModel.swift in Sources */,
				B598DD7928AE3E73006E65D1 /* AlbumsRouter.swift in Sources */,
				B516D13128B118DB00AB5E10 /* WebRouter.swift in Sources */,
				B5BD78B028AB93EE0045432B /* AlbumModel.swift in Sources */,
				B56532DF28A323CD00669546 /* GroupListViewModel.swift in Sources */,
				B56532DA28A3218900669546 /* ContentView.swift in Sources */,
				B56532D828A3217100669546 /* WebViewRepresentableModel.swift in Sources */,
				B516D12D28B0E4A100AB5E10 /* LoginVKViewModel.swift in Sources */,
				B598DD6C28AD7D63006E65D1 /* Refresh.swift in Sources */,
				B5BD78BA28AB9F9F0045432B /* PhotoListView.swift in Sources */,
				B516D14828B59E1D00AB5E10 /* ServerUserModel.swift in Sources */,
				B56532D628A320AA00669546 /* FriendsListViewModel.swift in Sources */,
				B56532D428A3209000669546 /* FriendsListView.swift in Sources */,
				B56532D128A3200400669546 /* RepresentableWebView.swift in Sources */,
				B56532BA28A30E4500669546 /* FriendModelMapper.swift in Sources */,
				B56532CA28A31D5E00669546 /* VKAPI.swift in Sources */,
				B516D13E28B17F0F00AB5E10 /* GroupsCoordinator.swift in Sources */,
				B56532C428A31CB600669546 /* LocalStorage.swift in Sources */,
				B5B8676B28B638EE00B33ADB /* UserModelMapper.swift in Sources */,
				B58DCCEF28A6E1DB00116A6E /* NetworkImage.swift in Sources */,
				B58DCCFB28AACF5A00116A6E /* PhotoModelMapper.swift in Sources */,
				B58DCD0028AB03AE00116A6E /* AlbumListView.swift in Sources */,
				B5B8677528B68E1200B33ADB /* FriendsCoordinator.swift in Sources */,
				B516D13928B1561400AB5E10 /* PhotosCoordinator.swift in Sources */,
				B56532E528A3FACB00669546 /* GroupsCellView.swift in Sources */,
				B56532BE28A30F4E00669546 /* ServerGroupModel.swift in Sources */,
				B58DCCF928AACE8900116A6E /* ServerPhotoModel.swift in Sources */,
				B56532BC28A30E9A00669546 /* Extensions + String.swift in Sources */,
			);
			runOnlyForDeploymentPostprocessing = 0;
		};
/* End PBXSourcesBuildPhase section */

/* Begin XCBuildConfiguration section */
		B5FE082D28A2F842001CA237 /* Debug */ = {
			isa = XCBuildConfiguration;
			buildSettings = {
				ALWAYS_SEARCH_USER_PATHS = NO;
				CLANG_ANALYZER_NONNULL = YES;
				CLANG_ANALYZER_NUMBER_OBJECT_CONVERSION = YES_AGGRESSIVE;
				CLANG_CXX_LANGUAGE_STANDARD = "gnu++17";
				CLANG_ENABLE_MODULES = YES;
				CLANG_ENABLE_OBJC_ARC = YES;
				CLANG_ENABLE_OBJC_WEAK = YES;
				CLANG_WARN_BLOCK_CAPTURE_AUTORELEASING = YES;
				CLANG_WARN_BOOL_CONVERSION = YES;
				CLANG_WARN_COMMA = YES;
				CLANG_WARN_CONSTANT_CONVERSION = YES;
				CLANG_WARN_DEPRECATED_OBJC_IMPLEMENTATIONS = YES;
				CLANG_WARN_DIRECT_OBJC_ISA_USAGE = YES_ERROR;
				CLANG_WARN_DOCUMENTATION_COMMENTS = YES;
				CLANG_WARN_EMPTY_BODY = YES;
				CLANG_WARN_ENUM_CONVERSION = YES;
				CLANG_WARN_INFINITE_RECURSION = YES;
				CLANG_WARN_INT_CONVERSION = YES;
				CLANG_WARN_NON_LITERAL_NULL_CONVERSION = YES;
				CLANG_WARN_OBJC_IMPLICIT_RETAIN_SELF = YES;
				CLANG_WARN_OBJC_LITERAL_CONVERSION = YES;
				CLANG_WARN_OBJC_ROOT_CLASS = YES_ERROR;
				CLANG_WARN_QUOTED_INCLUDE_IN_FRAMEWORK_HEADER = YES;
				CLANG_WARN_RANGE_LOOP_ANALYSIS = YES;
				CLANG_WARN_STRICT_PROTOTYPES = YES;
				CLANG_WARN_SUSPICIOUS_MOVE = YES;
				CLANG_WARN_UNGUARDED_AVAILABILITY = YES_AGGRESSIVE;
				CLANG_WARN_UNREACHABLE_CODE = YES;
				CLANG_WARN__DUPLICATE_METHOD_MATCH = YES;
				COPY_PHASE_STRIP = NO;
				DEBUG_INFORMATION_FORMAT = dwarf;
				ENABLE_STRICT_OBJC_MSGSEND = YES;
				ENABLE_TESTABILITY = YES;
				GCC_C_LANGUAGE_STANDARD = gnu11;
				GCC_DYNAMIC_NO_PIC = NO;
				GCC_NO_COMMON_BLOCKS = YES;
				GCC_OPTIMIZATION_LEVEL = 0;
				GCC_PREPROCESSOR_DEFINITIONS = (
					"DEBUG=1",
					"$(inherited)",
				);
				GCC_WARN_64_TO_32_BIT_CONVERSION = YES;
				GCC_WARN_ABOUT_RETURN_TYPE = YES_ERROR;
				GCC_WARN_UNDECLARED_SELECTOR = YES;
				GCC_WARN_UNINITIALIZED_AUTOS = YES_AGGRESSIVE;
				GCC_WARN_UNUSED_FUNCTION = YES;
				GCC_WARN_UNUSED_VARIABLE = YES;
				IPHONEOS_DEPLOYMENT_TARGET = 15.4;
				MTL_ENABLE_DEBUG_INFO = INCLUDE_SOURCE;
				MTL_FAST_MATH = YES;
				ONLY_ACTIVE_ARCH = YES;
				SDKROOT = iphoneos;
				SWIFT_ACTIVE_COMPILATION_CONDITIONS = DEBUG;
				SWIFT_OPTIMIZATION_LEVEL = "-Onone";
			};
			name = Debug;
		};
		B5FE082E28A2F842001CA237 /* Release */ = {
			isa = XCBuildConfiguration;
			buildSettings = {
				ALWAYS_SEARCH_USER_PATHS = NO;
				CLANG_ANALYZER_NONNULL = YES;
				CLANG_ANALYZER_NUMBER_OBJECT_CONVERSION = YES_AGGRESSIVE;
				CLANG_CXX_LANGUAGE_STANDARD = "gnu++17";
				CLANG_ENABLE_MODULES = YES;
				CLANG_ENABLE_OBJC_ARC = YES;
				CLANG_ENABLE_OBJC_WEAK = YES;
				CLANG_WARN_BLOCK_CAPTURE_AUTORELEASING = YES;
				CLANG_WARN_BOOL_CONVERSION = YES;
				CLANG_WARN_COMMA = YES;
				CLANG_WARN_CONSTANT_CONVERSION = YES;
				CLANG_WARN_DEPRECATED_OBJC_IMPLEMENTATIONS = YES;
				CLANG_WARN_DIRECT_OBJC_ISA_USAGE = YES_ERROR;
				CLANG_WARN_DOCUMENTATION_COMMENTS = YES;
				CLANG_WARN_EMPTY_BODY = YES;
				CLANG_WARN_ENUM_CONVERSION = YES;
				CLANG_WARN_INFINITE_RECURSION = YES;
				CLANG_WARN_INT_CONVERSION = YES;
				CLANG_WARN_NON_LITERAL_NULL_CONVERSION = YES;
				CLANG_WARN_OBJC_IMPLICIT_RETAIN_SELF = YES;
				CLANG_WARN_OBJC_LITERAL_CONVERSION = YES;
				CLANG_WARN_OBJC_ROOT_CLASS = YES_ERROR;
				CLANG_WARN_QUOTED_INCLUDE_IN_FRAMEWORK_HEADER = YES;
				CLANG_WARN_RANGE_LOOP_ANALYSIS = YES;
				CLANG_WARN_STRICT_PROTOTYPES = YES;
				CLANG_WARN_SUSPICIOUS_MOVE = YES;
				CLANG_WARN_UNGUARDED_AVAILABILITY = YES_AGGRESSIVE;
				CLANG_WARN_UNREACHABLE_CODE = YES;
				CLANG_WARN__DUPLICATE_METHOD_MATCH = YES;
				COPY_PHASE_STRIP = NO;
				DEBUG_INFORMATION_FORMAT = "dwarf-with-dsym";
				ENABLE_NS_ASSERTIONS = NO;
				ENABLE_STRICT_OBJC_MSGSEND = YES;
				GCC_C_LANGUAGE_STANDARD = gnu11;
				GCC_NO_COMMON_BLOCKS = YES;
				GCC_WARN_64_TO_32_BIT_CONVERSION = YES;
				GCC_WARN_ABOUT_RETURN_TYPE = YES_ERROR;
				GCC_WARN_UNDECLARED_SELECTOR = YES;
				GCC_WARN_UNINITIALIZED_AUTOS = YES_AGGRESSIVE;
				GCC_WARN_UNUSED_FUNCTION = YES;
				GCC_WARN_UNUSED_VARIABLE = YES;
				IPHONEOS_DEPLOYMENT_TARGET = 15.4;
				MTL_ENABLE_DEBUG_INFO = NO;
				MTL_FAST_MATH = YES;
				SDKROOT = iphoneos;
				SWIFT_COMPILATION_MODE = wholemodule;
				SWIFT_OPTIMIZATION_LEVEL = "-O";
				VALIDATE_PRODUCT = YES;
			};
			name = Release;
		};
		B5FE083028A2F842001CA237 /* Debug */ = {
			isa = XCBuildConfiguration;
			buildSettings = {
				ASSETCATALOG_COMPILER_APPICON_NAME = AppIcon;
				ASSETCATALOG_COMPILER_GLOBAL_ACCENT_COLOR_NAME = AccentColor;
				CODE_SIGN_STYLE = Automatic;
				CURRENT_PROJECT_VERSION = 1;
				DEVELOPMENT_ASSET_PATHS = "\"VKProject/Preview Content\"";
				DEVELOPMENT_TEAM = 58FS6TW5VM;
				ENABLE_PREVIEWS = YES;
				GENERATE_INFOPLIST_FILE = YES;
				INFOPLIST_KEY_UIApplicationSceneManifest_Generation = YES;
				INFOPLIST_KEY_UIApplicationSupportsIndirectInputEvents = YES;
				INFOPLIST_KEY_UILaunchScreen_Generation = YES;
				INFOPLIST_KEY_UISupportedInterfaceOrientations_iPad = "UIInterfaceOrientationPortrait UIInterfaceOrientationPortraitUpsideDown UIInterfaceOrientationLandscapeLeft UIInterfaceOrientationLandscapeRight";
				INFOPLIST_KEY_UISupportedInterfaceOrientations_iPhone = "UIInterfaceOrientationPortrait UIInterfaceOrientationLandscapeLeft UIInterfaceOrientationLandscapeRight";
				LD_RUNPATH_SEARCH_PATHS = (
					"$(inherited)",
					"@executable_path/Frameworks",
				);
				MARKETING_VERSION = 1.0;
				PRODUCT_BUNDLE_IDENTIFIER = ParaminDanila.VKProject;
				PRODUCT_NAME = "$(TARGET_NAME)";
				SWIFT_EMIT_LOC_STRINGS = YES;
				SWIFT_VERSION = 5.0;
				TARGETED_DEVICE_FAMILY = "1,2";
			};
			name = Debug;
		};
		B5FE083128A2F842001CA237 /* Release */ = {
			isa = XCBuildConfiguration;
			buildSettings = {
				ASSETCATALOG_COMPILER_APPICON_NAME = AppIcon;
				ASSETCATALOG_COMPILER_GLOBAL_ACCENT_COLOR_NAME = AccentColor;
				CODE_SIGN_STYLE = Automatic;
				CURRENT_PROJECT_VERSION = 1;
				DEVELOPMENT_ASSET_PATHS = "\"VKProject/Preview Content\"";
				DEVELOPMENT_TEAM = 58FS6TW5VM;
				ENABLE_PREVIEWS = YES;
				GENERATE_INFOPLIST_FILE = YES;
				INFOPLIST_KEY_UIApplicationSceneManifest_Generation = YES;
				INFOPLIST_KEY_UIApplicationSupportsIndirectInputEvents = YES;
				INFOPLIST_KEY_UILaunchScreen_Generation = YES;
				INFOPLIST_KEY_UISupportedInterfaceOrientations_iPad = "UIInterfaceOrientationPortrait UIInterfaceOrientationPortraitUpsideDown UIInterfaceOrientationLandscapeLeft UIInterfaceOrientationLandscapeRight";
				INFOPLIST_KEY_UISupportedInterfaceOrientations_iPhone = "UIInterfaceOrientationPortrait UIInterfaceOrientationLandscapeLeft UIInterfaceOrientationLandscapeRight";
				LD_RUNPATH_SEARCH_PATHS = (
					"$(inherited)",
					"@executable_path/Frameworks",
				);
				MARKETING_VERSION = 1.0;
				PRODUCT_BUNDLE_IDENTIFIER = ParaminDanila.VKProject;
				PRODUCT_NAME = "$(TARGET_NAME)";
				SWIFT_EMIT_LOC_STRINGS = YES;
				SWIFT_VERSION = 5.0;
				TARGETED_DEVICE_FAMILY = "1,2";
			};
			name = Release;
		};
/* End XCBuildConfiguration section */

/* Begin XCConfigurationList section */
		B5FE081C28A2F83F001CA237 /* Build configuration list for PBXProject "VKProject" */ = {
			isa = XCConfigurationList;
			buildConfigurations = (
				B5FE082D28A2F842001CA237 /* Debug */,
				B5FE082E28A2F842001CA237 /* Release */,
			);
			defaultConfigurationIsVisible = 0;
			defaultConfigurationName = Release;
		};
		B5FE082F28A2F842001CA237 /* Build configuration list for PBXNativeTarget "VKProject" */ = {
			isa = XCConfigurationList;
			buildConfigurations = (
				B5FE083028A2F842001CA237 /* Debug */,
				B5FE083128A2F842001CA237 /* Release */,
			);
			defaultConfigurationIsVisible = 0;
			defaultConfigurationName = Release;
		};
/* End XCConfigurationList section */

/* Begin XCRemoteSwiftPackageReference section */
		B58DCCF028A6E28700116A6E /* XCRemoteSwiftPackageReference "Kingfisher" */ = {
			isa = XCRemoteSwiftPackageReference;
			repositoryURL = "https://github.com/onevcat/Kingfisher";
			requirement = {
				kind = upToNextMinorVersion;
				minimumVersion = 7.3.0;
			};
		};
		B598DD6F28AE39D9006E65D1 /* XCRemoteSwiftPackageReference "stinsen" */ = {
			isa = XCRemoteSwiftPackageReference;
			repositoryURL = "https://github.com/rundfunk47/stinsen";
			requirement = {
				kind = upToNextMajorVersion;
				minimumVersion = 2.0.0;
			};
		};
		B5FE083228A2F974001CA237 /* XCRemoteSwiftPackageReference "Moya" */ = {
			isa = XCRemoteSwiftPackageReference;
			repositoryURL = "https://github.com/Moya/Moya";
			requirement = {
				branch = master;
				kind = branch;
			};
		};
		B5FE083728A2F98D001CA237 /* XCRemoteSwiftPackageReference "CombineExt" */ = {
			isa = XCRemoteSwiftPackageReference;
			repositoryURL = "https://github.com/CombineCommunity/CombineExt";
			requirement = {
				branch = main;
				kind = branch;
			};
		};
/* End XCRemoteSwiftPackageReference section */

/* Begin XCSwiftPackageProductDependency section */
		B58DCCF128A6E28700116A6E /* Kingfisher */ = {
			isa = XCSwiftPackageProductDependency;
			package = B58DCCF028A6E28700116A6E /* XCRemoteSwiftPackageReference "Kingfisher" */;
			productName = Kingfisher;
		};
		B598DD7028AE39D9006E65D1 /* Stinsen */ = {
			isa = XCSwiftPackageProductDependency;
			package = B598DD6F28AE39D9006E65D1 /* XCRemoteSwiftPackageReference "stinsen" */;
			productName = Stinsen;
		};
		B5FE083328A2F974001CA237 /* CombineMoya */ = {
			isa = XCSwiftPackageProductDependency;
			package = B5FE083228A2F974001CA237 /* XCRemoteSwiftPackageReference "Moya" */;
			productName = CombineMoya;
		};
		B5FE083528A2F974001CA237 /* Moya */ = {
			isa = XCSwiftPackageProductDependency;
			package = B5FE083228A2F974001CA237 /* XCRemoteSwiftPackageReference "Moya" */;
			productName = Moya;
		};
		B5FE083828A2F98D001CA237 /* CombineExt */ = {
			isa = XCSwiftPackageProductDependency;
			package = B5FE083728A2F98D001CA237 /* XCRemoteSwiftPackageReference "CombineExt" */;
			productName = CombineExt;
		};
/* End XCSwiftPackageProductDependency section */
	};
	rootObject = B5FE081928A2F83F001CA237 /* Project object */;
}
