// !$*UTF8*$!
{
	archiveVersion = 1;
	classes = {
	};
	objectVersion = 55;
	objects = {

/* Begin PBXBuildFile section */
		B529D21728A17C2200FE4F75 /* AuthorizationView.swift in Sources */ = {isa = PBXBuildFile; fileRef = B5B5CC4F2889A47A00BBAB4A /* AuthorizationView.swift */; };
		B52DA6EF28A1840900D6150C /* ApiError.swift in Sources */ = {isa = PBXBuildFile; fileRef = B52DA6EE28A1840900D6150C /* ApiError.swift */; };
		B52DA6F728A184F300D6150C /* Conts.swift in Sources */ = {isa = PBXBuildFile; fileRef = B52DA6F628A184F300D6150C /* Conts.swift */; };
		B52DA6FA28A1853400D6150C /* RepresentableWebView.swift in Sources */ = {isa = PBXBuildFile; fileRef = B52DA6F928A1853400D6150C /* RepresentableWebView.swift */; };
		B52DA6FD28A1857F00D6150C /* LocalStorage.swift in Sources */ = {isa = PBXBuildFile; fileRef = B52DA6FC28A1857F00D6150C /* LocalStorage.swift */; };
		B52DA6FF28A18BB100D6150C /* URLComponents.swift in Sources */ = {isa = PBXBuildFile; fileRef = B52DA6FE28A18BB100D6150C /* URLComponents.swift */; };
		B52DA70128A18BD100D6150C /* WebView.swift in Sources */ = {isa = PBXBuildFile; fileRef = B52DA70028A18BD100D6150C /* WebView.swift */; };
		B5A2AE2E28902F2D009219C9 /* AppTextField.swift in Sources */ = {isa = PBXBuildFile; fileRef = B5A2AE2D28902F2D009219C9 /* AppTextField.swift */; };
		B5A2AE312892D0D1009219C9 /* UsersListView.swift in Sources */ = {isa = PBXBuildFile; fileRef = B5A2AE302892D0D1009219C9 /* UsersListView.swift */; };
		B5A2AE342892D103009219C9 /* User.swift in Sources */ = {isa = PBXBuildFile; fileRef = B5A2AE332892D103009219C9 /* User.swift */; };
		B5A2AE372892D5F5009219C9 /* UserCellView.swift in Sources */ = {isa = PBXBuildFile; fileRef = B5A2AE362892D5F5009219C9 /* UserCellView.swift */; };
		B5A2AE3A2892DD51009219C9 /* ServerUser.swift in Sources */ = {isa = PBXBuildFile; fileRef = B5A2AE392892DD51009219C9 /* ServerUser.swift */; };
		B5A2AE3D2892DEB7009219C9 /* BaseModelMapper.swift in Sources */ = {isa = PBXBuildFile; fileRef = B5A2AE3C2892DEB7009219C9 /* BaseModelMapper.swift */; };
		B5A2AE3F2892DFBB009219C9 /* UserModelMapper.swift in Sources */ = {isa = PBXBuildFile; fileRef = B5A2AE3E2892DFBB009219C9 /* UserModelMapper.swift */; };
		B5A2AE43289853D4009219C9 /* SettingsCellView.swift in Sources */ = {isa = PBXBuildFile; fileRef = B5A2AE42289853D4009219C9 /* SettingsCellView.swift */; };
		B5A2AE4528985447009219C9 /* ButtonModel.swift in Sources */ = {isa = PBXBuildFile; fileRef = B5A2AE4428985447009219C9 /* ButtonModel.swift */; };
		B5A2AE4928986630009219C9 /* AppButtonStyleSettings.swift in Sources */ = {isa = PBXBuildFile; fileRef = B5A2AE4828986630009219C9 /* AppButtonStyleSettings.swift */; };
		B5A2AE4B28988602009219C9 /* SettingsListView.swift in Sources */ = {isa = PBXBuildFile; fileRef = B5A2AE4A28988602009219C9 /* SettingsListView.swift */; };
		B5A2AE4D28989868009219C9 /* SettingsListViewModel.swift in Sources */ = {isa = PBXBuildFile; fileRef = B5A2AE4C28989868009219C9 /* SettingsListViewModel.swift */; };
		B5A2AE52289961DC009219C9 /* TestViewModel.swift in Sources */ = {isa = PBXBuildFile; fileRef = B5A2AE51289961DC009219C9 /* TestViewModel.swift */; };
		B5A2AE54289961F4009219C9 /* TestView.swift in Sources */ = {isa = PBXBuildFile; fileRef = B5A2AE53289961F4009219C9 /* TestView.swift */; };
		B5A2AE58289962A6009219C9 /* Provider.swift in Sources */ = {isa = PBXBuildFile; fileRef = B5A2AE57289962A6009219C9 /* Provider.swift */; };
		B5A2AE5B28996757009219C9 /* CombineMoya in Frameworks */ = {isa = PBXBuildFile; productRef = B5A2AE5A28996757009219C9 /* CombineMoya */; };
		B5A2AE5D28996757009219C9 /* Moya in Frameworks */ = {isa = PBXBuildFile; productRef = B5A2AE5C28996757009219C9 /* Moya */; };
		B5A2AE6028996E2C009219C9 /* CombineExt in Frameworks */ = {isa = PBXBuildFile; productRef = B5A2AE5F28996E2C009219C9 /* CombineExt */; };
		B5A2AE62289A9B43009219C9 /* SettingsProfileView.swift in Sources */ = {isa = PBXBuildFile; fileRef = B5A2AE61289A9B43009219C9 /* SettingsProfileView.swift */; };
		B5B5CC322886F53700BBAB4A /* schoolApp.swift in Sources */ = {isa = PBXBuildFile; fileRef = B5B5CC312886F53700BBAB4A /* schoolApp.swift */; };
		B5B5CC362886F53E00BBAB4A /* Assets.xcassets in Resources */ = {isa = PBXBuildFile; fileRef = B5B5CC352886F53E00BBAB4A /* Assets.xcassets */; };
		B5B5CC392886F53E00BBAB4A /* Preview Assets.xcassets in Resources */ = {isa = PBXBuildFile; fileRef = B5B5CC382886F53E00BBAB4A /* Preview Assets.xcassets */; };
		B5B5CC462889A09200BBAB4A /* Launch Screen.storyboard in Resources */ = {isa = PBXBuildFile; fileRef = B5B5CC452889A09200BBAB4A /* Launch Screen.storyboard */; };
		B5B5CC522889A49300BBAB4A /* AuthorizationViewModel.swift in Sources */ = {isa = PBXBuildFile; fileRef = B5B5CC512889A49300BBAB4A /* AuthorizationViewModel.swift */; };
		B5B5CC572889A58D00BBAB4A /* AppButton.swift in Sources */ = {isa = PBXBuildFile; fileRef = B5B5CC562889A58D00BBAB4A /* AppButton.swift */; };
		B5B5CC592889A5AC00BBAB4A /* AppButtonStyle.swift in Sources */ = {isa = PBXBuildFile; fileRef = B5B5CC582889A5AC00BBAB4A /* AppButtonStyle.swift */; };
		B5FE07FF28A1A959001CA237 /* ServerGroup.swift in Sources */ = {isa = PBXBuildFile; fileRef = B5FE07FE28A1A959001CA237 /* ServerGroup.swift */; };
		B5FE080228A1B0F4001CA237 /* VKAPI.swift in Sources */ = {isa = PBXBuildFile; fileRef = B5FE080128A1B0F4001CA237 /* VKAPI.swift */; };
		B5FE080728A1C479001CA237 /* VKAPIService.swift in Sources */ = {isa = PBXBuildFile; fileRef = B5FE080628A1C479001CA237 /* VKAPIService.swift */; };
		B5FE080928A1C53B001CA237 /* GroupViewModel.swift in Sources */ = {isa = PBXBuildFile; fileRef = B5FE080828A1C53B001CA237 /* GroupViewModel.swift */; };
		B5FE080B28A1C5DD001CA237 /* GroupView.swift in Sources */ = {isa = PBXBuildFile; fileRef = B5FE080A28A1C5DD001CA237 /* GroupView.swift */; };
		B5FE080D28A1CCF1001CA237 /* RepresentableGroupsView.swift in Sources */ = {isa = PBXBuildFile; fileRef = B5FE080C28A1CCF1001CA237 /* RepresentableGroupsView.swift */; };
		B5FE080F28A1D3D9001CA237 /* GroupViewModel2.swift in Sources */ = {isa = PBXBuildFile; fileRef = B5FE080E28A1D3D9001CA237 /* GroupViewModel2.swift */; };
		B5FE081328A25CDC001CA237 /* File.swift in Sources */ = {isa = PBXBuildFile; fileRef = B5FE081228A25CDC001CA237 /* File.swift */; };
		B5FE081528A29A4A001CA237 /* groupModel.swift in Sources */ = {isa = PBXBuildFile; fileRef = B5FE081428A29A49001CA237 /* groupModel.swift */; };
		B5FE081728A29ABC001CA237 /* GroupModelMapper.swift in Sources */ = {isa = PBXBuildFile; fileRef = B5FE081628A29ABC001CA237 /* GroupModelMapper.swift */; };
/* End PBXBuildFile section */

/* Begin PBXFileReference section */
		B52DA6EE28A1840900D6150C /* ApiError.swift */ = {isa = PBXFileReference; lastKnownFileType = sourcecode.swift; path = ApiError.swift; sourceTree = "<group>"; };
		B52DA6F628A184F300D6150C /* Conts.swift */ = {isa = PBXFileReference; lastKnownFileType = sourcecode.swift; path = Conts.swift; sourceTree = "<group>"; };
		B52DA6F928A1853400D6150C /* RepresentableWebView.swift */ = {isa = PBXFileReference; lastKnownFileType = sourcecode.swift; path = RepresentableWebView.swift; sourceTree = "<group>"; };
		B52DA6FC28A1857F00D6150C /* LocalStorage.swift */ = {isa = PBXFileReference; lastKnownFileType = sourcecode.swift; path = LocalStorage.swift; sourceTree = "<group>"; };
		B52DA6FE28A18BB100D6150C /* URLComponents.swift */ = {isa = PBXFileReference; lastKnownFileType = sourcecode.swift; path = URLComponents.swift; sourceTree = "<group>"; };
		B52DA70028A18BD100D6150C /* WebView.swift */ = {isa = PBXFileReference; lastKnownFileType = sourcecode.swift; path = WebView.swift; sourceTree = "<group>"; };
		B5A2AE2D28902F2D009219C9 /* AppTextField.swift */ = {isa = PBXFileReference; lastKnownFileType = sourcecode.swift; path = AppTextField.swift; sourceTree = "<group>"; };
		B5A2AE302892D0D1009219C9 /* UsersListView.swift */ = {isa = PBXFileReference; lastKnownFileType = sourcecode.swift; path = UsersListView.swift; sourceTree = "<group>"; };
		B5A2AE332892D103009219C9 /* User.swift */ = {isa = PBXFileReference; lastKnownFileType = sourcecode.swift; path = User.swift; sourceTree = "<group>"; };
		B5A2AE362892D5F5009219C9 /* UserCellView.swift */ = {isa = PBXFileReference; lastKnownFileType = sourcecode.swift; path = UserCellView.swift; sourceTree = "<group>"; };
		B5A2AE392892DD51009219C9 /* ServerUser.swift */ = {isa = PBXFileReference; lastKnownFileType = sourcecode.swift; path = ServerUser.swift; sourceTree = "<group>"; };
		B5A2AE3C2892DEB7009219C9 /* BaseModelMapper.swift */ = {isa = PBXFileReference; lastKnownFileType = sourcecode.swift; path = BaseModelMapper.swift; sourceTree = "<group>"; };
		B5A2AE3E2892DFBB009219C9 /* UserModelMapper.swift */ = {isa = PBXFileReference; lastKnownFileType = sourcecode.swift; path = UserModelMapper.swift; sourceTree = "<group>"; };
		B5A2AE42289853D4009219C9 /* SettingsCellView.swift */ = {isa = PBXFileReference; lastKnownFileType = sourcecode.swift; path = SettingsCellView.swift; sourceTree = "<group>"; };
		B5A2AE4428985447009219C9 /* ButtonModel.swift */ = {isa = PBXFileReference; lastKnownFileType = sourcecode.swift; path = ButtonModel.swift; sourceTree = "<group>"; };
		B5A2AE4828986630009219C9 /* AppButtonStyleSettings.swift */ = {isa = PBXFileReference; lastKnownFileType = sourcecode.swift; path = AppButtonStyleSettings.swift; sourceTree = "<group>"; };
		B5A2AE4A28988602009219C9 /* SettingsListView.swift */ = {isa = PBXFileReference; lastKnownFileType = sourcecode.swift; path = SettingsListView.swift; sourceTree = "<group>"; };
		B5A2AE4C28989868009219C9 /* SettingsListViewModel.swift */ = {isa = PBXFileReference; lastKnownFileType = sourcecode.swift; path = SettingsListViewModel.swift; sourceTree = "<group>"; };
		B5A2AE51289961DC009219C9 /* TestViewModel.swift */ = {isa = PBXFileReference; lastKnownFileType = sourcecode.swift; path = TestViewModel.swift; sourceTree = "<group>"; };
		B5A2AE53289961F4009219C9 /* TestView.swift */ = {isa = PBXFileReference; lastKnownFileType = sourcecode.swift; path = TestView.swift; sourceTree = "<group>"; };
		B5A2AE57289962A6009219C9 /* Provider.swift */ = {isa = PBXFileReference; lastKnownFileType = sourcecode.swift; path = Provider.swift; sourceTree = "<group>"; };
		B5A2AE61289A9B43009219C9 /* SettingsProfileView.swift */ = {isa = PBXFileReference; lastKnownFileType = sourcecode.swift; path = SettingsProfileView.swift; sourceTree = "<group>"; };
		B5B5CC2E2886F53700BBAB4A /* school.app */ = {isa = PBXFileReference; explicitFileType = wrapper.application; includeInIndex = 0; path = school.app; sourceTree = BUILT_PRODUCTS_DIR; };
		B5B5CC312886F53700BBAB4A /* schoolApp.swift */ = {isa = PBXFileReference; lastKnownFileType = sourcecode.swift; path = schoolApp.swift; sourceTree = "<group>"; };
		B5B5CC352886F53E00BBAB4A /* Assets.xcassets */ = {isa = PBXFileReference; lastKnownFileType = folder.assetcatalog; path = Assets.xcassets; sourceTree = "<group>"; };
		B5B5CC382886F53E00BBAB4A /* Preview Assets.xcassets */ = {isa = PBXFileReference; lastKnownFileType = folder.assetcatalog; path = "Preview Assets.xcassets"; sourceTree = "<group>"; };
		B5B5CC452889A09200BBAB4A /* Launch Screen.storyboard */ = {isa = PBXFileReference; lastKnownFileType = file.storyboard; path = "Launch Screen.storyboard"; sourceTree = "<group>"; };
		B5B5CC4F2889A47A00BBAB4A /* AuthorizationView.swift */ = {isa = PBXFileReference; lastKnownFileType = sourcecode.swift; path = AuthorizationView.swift; sourceTree = "<group>"; };
		B5B5CC512889A49300BBAB4A /* AuthorizationViewModel.swift */ = {isa = PBXFileReference; lastKnownFileType = sourcecode.swift; path = AuthorizationViewModel.swift; sourceTree = "<group>"; };
		B5B5CC562889A58D00BBAB4A /* AppButton.swift */ = {isa = PBXFileReference; lastKnownFileType = sourcecode.swift; path = AppButton.swift; sourceTree = "<group>"; };
		B5B5CC582889A5AC00BBAB4A /* AppButtonStyle.swift */ = {isa = PBXFileReference; lastKnownFileType = sourcecode.swift; path = AppButtonStyle.swift; sourceTree = "<group>"; };
		B5FE07FE28A1A959001CA237 /* ServerGroup.swift */ = {isa = PBXFileReference; lastKnownFileType = sourcecode.swift; path = ServerGroup.swift; sourceTree = "<group>"; };
		B5FE080128A1B0F4001CA237 /* VKAPI.swift */ = {isa = PBXFileReference; lastKnownFileType = sourcecode.swift; path = VKAPI.swift; sourceTree = "<group>"; };
		B5FE080628A1C479001CA237 /* VKAPIService.swift */ = {isa = PBXFileReference; lastKnownFileType = sourcecode.swift; path = VKAPIService.swift; sourceTree = "<group>"; };
		B5FE080828A1C53B001CA237 /* GroupViewModel.swift */ = {isa = PBXFileReference; lastKnownFileType = sourcecode.swift; path = GroupViewModel.swift; sourceTree = "<group>"; };
		B5FE080A28A1C5DD001CA237 /* GroupView.swift */ = {isa = PBXFileReference; lastKnownFileType = sourcecode.swift; path = GroupView.swift; sourceTree = "<group>"; };
		B5FE080C28A1CCF1001CA237 /* RepresentableGroupsView.swift */ = {isa = PBXFileReference; lastKnownFileType = sourcecode.swift; path = RepresentableGroupsView.swift; sourceTree = "<group>"; };
		B5FE080E28A1D3D9001CA237 /* GroupViewModel2.swift */ = {isa = PBXFileReference; lastKnownFileType = sourcecode.swift; path = GroupViewModel2.swift; sourceTree = "<group>"; };
		B5FE081228A25CDC001CA237 /* File.swift */ = {isa = PBXFileReference; lastKnownFileType = sourcecode.swift; path = File.swift; sourceTree = "<group>"; };
		B5FE081428A29A49001CA237 /* groupModel.swift */ = {isa = PBXFileReference; lastKnownFileType = sourcecode.swift; path = groupModel.swift; sourceTree = "<group>"; };
		B5FE081628A29ABC001CA237 /* GroupModelMapper.swift */ = {isa = PBXFileReference; lastKnownFileType = sourcecode.swift; path = GroupModelMapper.swift; sourceTree = "<group>"; };
/* End PBXFileReference section */

/* Begin PBXFrameworksBuildPhase section */
		B5B5CC2B2886F53700BBAB4A /* Frameworks */ = {
			isa = PBXFrameworksBuildPhase;
			buildActionMask = 2147483647;
			files = (
				B5A2AE5D28996757009219C9 /* Moya in Frameworks */,
				B5A2AE6028996E2C009219C9 /* CombineExt in Frameworks */,
				B5A2AE5B28996757009219C9 /* CombineMoya in Frameworks */,
			);
			runOnlyForDeploymentPostprocessing = 0;
		};
/* End PBXFrameworksBuildPhase section */

/* Begin PBXGroup section */
		B52DA6ED28A183D900D6150C /* Error */ = {
			isa = PBXGroup;
			children = (
				B52DA6EE28A1840900D6150C /* ApiError.swift */,
			);
			path = Error;
			sourceTree = "<group>";
		};
		B52DA6F528A184E700D6150C /* Conts */ = {
			isa = PBXGroup;
			children = (
				B52DA6F628A184F300D6150C /* Conts.swift */,
			);
			path = Conts;
			sourceTree = "<group>";
		};
		B52DA6F828A1851C00D6150C /* WebView */ = {
			isa = PBXGroup;
			children = (
				B52DA6F928A1853400D6150C /* RepresentableWebView.swift */,
				B52DA70028A18BD100D6150C /* WebView.swift */,
				B52DA6FE28A18BB100D6150C /* URLComponents.swift */,
			);
			path = WebView;
			sourceTree = "<group>";
		};
		B52DA6FB28A1856700D6150C /* Storage */ = {
			isa = PBXGroup;
			children = (
				B52DA6FC28A1857F00D6150C /* LocalStorage.swift */,
			);
			path = Storage;
			sourceTree = "<group>";
		};
		B5A2AE2C28902ED7009219C9 /* TextField */ = {
			isa = PBXGroup;
			children = (
				B5A2AE2D28902F2D009219C9 /* AppTextField.swift */,
			);
			path = TextField;
			sourceTree = "<group>";
		};
		B5A2AE2F2892D0AC009219C9 /* UsersListScreen */ = {
			isa = PBXGroup;
			children = (
				B5A2AE352892D5CF009219C9 /* Components */,
				B5A2AE302892D0D1009219C9 /* UsersListView.swift */,
			);
			path = UsersListScreen;
			sourceTree = "<group>";
		};
		B5A2AE322892D0F1009219C9 /* LocalModels */ = {
			isa = PBXGroup;
			children = (
				B5A2AE332892D103009219C9 /* User.swift */,
				B5A2AE4428985447009219C9 /* ButtonModel.swift */,
				B5FE081428A29A49001CA237 /* groupModel.swift */,
			);
			path = LocalModels;
			sourceTree = "<group>";
		};
		B5A2AE352892D5CF009219C9 /* Components */ = {
			isa = PBXGroup;
			children = (
				B5A2AE362892D5F5009219C9 /* UserCellView.swift */,
			);
			path = Components;
			sourceTree = "<group>";
		};
		B5A2AE382892DD39009219C9 /* ServerModels */ = {
			isa = PBXGroup;
			children = (
				B5A2AE392892DD51009219C9 /* ServerUser.swift */,
				B5FE07FE28A1A959001CA237 /* ServerGroup.swift */,
			);
			path = ServerModels;
			sourceTree = "<group>";
		};
		B5A2AE3B2892DEA0009219C9 /* Mappers */ = {
			isa = PBXGroup;
			children = (
				B5A2AE3C2892DEB7009219C9 /* BaseModelMapper.swift */,
				B5A2AE3E2892DFBB009219C9 /* UserModelMapper.swift */,
				B5FE081628A29ABC001CA237 /* GroupModelMapper.swift */,
			);
			path = Mappers;
			sourceTree = "<group>";
		};
		B5A2AE4028985049009219C9 /* SettingsScreen */ = {
			isa = PBXGroup;
			children = (
				B5A2AE4128985380009219C9 /* Components */,
				B5A2AE4A28988602009219C9 /* SettingsListView.swift */,
				B5A2AE4C28989868009219C9 /* SettingsListViewModel.swift */,
			);
			path = SettingsScreen;
			sourceTree = "<group>";
		};
		B5A2AE4128985380009219C9 /* Components */ = {
			isa = PBXGroup;
			children = (
				B5A2AE42289853D4009219C9 /* SettingsCellView.swift */,
				B5A2AE61289A9B43009219C9 /* SettingsProfileView.swift */,
			);
			path = Components;
			sourceTree = "<group>";
		};
		B5A2AE50289961BA009219C9 /* TestView */ = {
			isa = PBXGroup;
			children = (
				B5A2AE51289961DC009219C9 /* TestViewModel.swift */,
				B5A2AE53289961F4009219C9 /* TestView.swift */,
			);
			path = TestView;
			sourceTree = "<group>";
		};
		B5A2AE5528996235009219C9 /* Services */ = {
			isa = PBXGroup;
			children = (
				B52DA6FB28A1856700D6150C /* Storage */,
				B5A2AE5628996240009219C9 /* API */,
			);
			path = Services;
			sourceTree = "<group>";
		};
		B5A2AE5628996240009219C9 /* API */ = {
			isa = PBXGroup;
			children = (
				B5A2AE57289962A6009219C9 /* Provider.swift */,
				B5FE080028A1B0B4001CA237 /* VKAPIService */,
				B52DA6ED28A183D900D6150C /* Error */,
			);
			path = API;
			sourceTree = "<group>";
		};
		B5B5CC252886F53700BBAB4A = {
			isa = PBXGroup;
			children = (
				B5B5CC302886F53700BBAB4A /* school */,
				B5B5CC2F2886F53700BBAB4A /* Products */,
			);
			sourceTree = "<group>";
		};
		B5B5CC2F2886F53700BBAB4A /* Products */ = {
			isa = PBXGroup;
			children = (
				B5B5CC2E2886F53700BBAB4A /* school.app */,
			);
			name = Products;
			sourceTree = "<group>";
		};
		B5B5CC302886F53700BBAB4A /* school */ = {
			isa = PBXGroup;
			children = (
				B5A2AE5528996235009219C9 /* Services */,
				B5B5CC532889A56A00BBAB4A /* Components */,
				B5B5CC4B2889A37A00BBAB4A /* Helpers */,
				B5B5CC4A2889A36800BBAB4A /* Models */,
				B5B5CC492889A36000BBAB4A /* Modules */,
				B5B5CC472889A32A00BBAB4A /* App */,
				B5B5CC372886F53E00BBAB4A /* Preview Content */,
				B5B5CC482889A33300BBAB4A /* Resources */,
			);
			path = school;
			sourceTree = "<group>";
		};
		B5B5CC372886F53E00BBAB4A /* Preview Content */ = {
			isa = PBXGroup;
			children = (
				B5B5CC382886F53E00BBAB4A /* Preview Assets.xcassets */,
			);
			path = "Preview Content";
			sourceTree = "<group>";
		};
		B5B5CC472889A32A00BBAB4A /* App */ = {
			isa = PBXGroup;
			children = (
				B5B5CC312886F53700BBAB4A /* schoolApp.swift */,
			);
			path = App;
			sourceTree = "<group>";
		};
		B5B5CC482889A33300BBAB4A /* Resources */ = {
			isa = PBXGroup;
			children = (
				B5B5CC452889A09200BBAB4A /* Launch Screen.storyboard */,
				B5B5CC352886F53E00BBAB4A /* Assets.xcassets */,
			);
			path = Resources;
			sourceTree = "<group>";
		};
		B5B5CC492889A36000BBAB4A /* Modules */ = {
			isa = PBXGroup;
			children = (
				B5FE080328A1BCD2001CA237 /* GroupsScreen */,
				B5A2AE50289961BA009219C9 /* TestView */,
				B5A2AE4028985049009219C9 /* SettingsScreen */,
				B5A2AE2F2892D0AC009219C9 /* UsersListScreen */,
				B5B5CC4D2889A43500BBAB4A /* AuthorizationScreen */,
			);
			path = Modules;
			sourceTree = "<group>";
		};
		B5B5CC4A2889A36800BBAB4A /* Models */ = {
			isa = PBXGroup;
			children = (
				B5A2AE3B2892DEA0009219C9 /* Mappers */,
				B5A2AE382892DD39009219C9 /* ServerModels */,
				B5A2AE322892D0F1009219C9 /* LocalModels */,
			);
			path = Models;
			sourceTree = "<group>";
		};
		B5B5CC4B2889A37A00BBAB4A /* Helpers */ = {
			isa = PBXGroup;
			children = (
				B52DA6F528A184E700D6150C /* Conts */,
				B5B5CC4C2889A38E00BBAB4A /* Extensions */,
			);
			path = Helpers;
			sourceTree = "<group>";
		};
		B5B5CC4C2889A38E00BBAB4A /* Extensions */ = {
			isa = PBXGroup;
			children = (
				B5FE081228A25CDC001CA237 /* File.swift */,
			);
			path = Extensions;
			sourceTree = "<group>";
		};
		B5B5CC4D2889A43500BBAB4A /* AuthorizationScreen */ = {
			isa = PBXGroup;
			children = (
				B5B5CC4F2889A47A00BBAB4A /* AuthorizationView.swift */,
				B5B5CC512889A49300BBAB4A /* AuthorizationViewModel.swift */,
			);
			path = AuthorizationScreen;
			sourceTree = "<group>";
		};
		B5B5CC532889A56A00BBAB4A /* Components */ = {
			isa = PBXGroup;
			children = (
				B52DA6F828A1851C00D6150C /* WebView */,
				B5A2AE2C28902ED7009219C9 /* TextField */,
				B5B5CC542889A57500BBAB4A /* Buttons */,
			);
			path = Components;
			sourceTree = "<group>";
		};
		B5B5CC542889A57500BBAB4A /* Buttons */ = {
			isa = PBXGroup;
			children = (
				B5B5CC552889A57B00BBAB4A /* AppButton */,
			);
			path = Buttons;
			sourceTree = "<group>";
		};
		B5B5CC552889A57B00BBAB4A /* AppButton */ = {
			isa = PBXGroup;
			children = (
				B5B5CC562889A58D00BBAB4A /* AppButton.swift */,
				B5B5CC582889A5AC00BBAB4A /* AppButtonStyle.swift */,
				B5A2AE4828986630009219C9 /* AppButtonStyleSettings.swift */,
			);
			path = AppButton;
			sourceTree = "<group>";
		};
		B5FE080028A1B0B4001CA237 /* VKAPIService */ = {
			isa = PBXGroup;
			children = (
				B5FE080128A1B0F4001CA237 /* VKAPI.swift */,
				B5FE080628A1C479001CA237 /* VKAPIService.swift */,
			);
			path = VKAPIService;
			sourceTree = "<group>";
		};
		B5FE080328A1BCD2001CA237 /* GroupsScreen */ = {
			isa = PBXGroup;
			children = (
				B5FE080828A1C53B001CA237 /* GroupViewModel.swift */,
				B5FE080E28A1D3D9001CA237 /* GroupViewModel2.swift */,
				B5FE080A28A1C5DD001CA237 /* GroupView.swift */,
				B5FE080528A1BD0C001CA237 /* Components */,
			);
			path = GroupsScreen;
			sourceTree = "<group>";
		};
		B5FE080528A1BD0C001CA237 /* Components */ = {
			isa = PBXGroup;
			children = (
				B5FE080C28A1CCF1001CA237 /* RepresentableGroupsView.swift */,
			);
			path = Components;
			sourceTree = "<group>";
		};
/* End PBXGroup section */

/* Begin PBXNativeTarget section */
		B5B5CC2D2886F53700BBAB4A /* school */ = {
			isa = PBXNativeTarget;
			buildConfigurationList = B5B5CC3C2886F53E00BBAB4A /* Build configuration list for PBXNativeTarget "school" */;
			buildPhases = (
				B5B5CC2A2886F53700BBAB4A /* Sources */,
				B5B5CC2B2886F53700BBAB4A /* Frameworks */,
				B5B5CC2C2886F53700BBAB4A /* Resources */,
			);
			buildRules = (
			);
			dependencies = (
			);
			name = school;
			packageProductDependencies = (
				B5A2AE5A28996757009219C9 /* CombineMoya */,
				B5A2AE5C28996757009219C9 /* Moya */,
				B5A2AE5F28996E2C009219C9 /* CombineExt */,
			);
			productName = school;
			productReference = B5B5CC2E2886F53700BBAB4A /* school.app */;
			productType = "com.apple.product-type.application";
		};
/* End PBXNativeTarget section */

/* Begin PBXProject section */
		B5B5CC262886F53700BBAB4A /* Project object */ = {
			isa = PBXProject;
			attributes = {
				BuildIndependentTargetsInParallel = 1;
				LastSwiftUpdateCheck = 1330;
				LastUpgradeCheck = 1330;
				TargetAttributes = {
					B5B5CC2D2886F53700BBAB4A = {
						CreatedOnToolsVersion = 13.3.1;
					};
				};
			};
			buildConfigurationList = B5B5CC292886F53700BBAB4A /* Build configuration list for PBXProject "school" */;
			compatibilityVersion = "Xcode 13.0";
			developmentRegion = en;
			hasScannedForEncodings = 0;
			knownRegions = (
				en,
				Base,
			);
			mainGroup = B5B5CC252886F53700BBAB4A;
			packageReferences = (
				B5A2AE5928996757009219C9 /* XCRemoteSwiftPackageReference "Moya" */,
				B5A2AE5E28996E2C009219C9 /* XCRemoteSwiftPackageReference "CombineExt" */,
			);
			productRefGroup = B5B5CC2F2886F53700BBAB4A /* Products */;
			projectDirPath = "";
			projectRoot = "";
			targets = (
				B5B5CC2D2886F53700BBAB4A /* school */,
			);
		};
/* End PBXProject section */

/* Begin PBXResourcesBuildPhase section */
		B5B5CC2C2886F53700BBAB4A /* Resources */ = {
			isa = PBXResourcesBuildPhase;
			buildActionMask = 2147483647;
			files = (
				B5B5CC462889A09200BBAB4A /* Launch Screen.storyboard in Resources */,
				B5B5CC392886F53E00BBAB4A /* Preview Assets.xcassets in Resources */,
				B5B5CC362886F53E00BBAB4A /* Assets.xcassets in Resources */,
			);
			runOnlyForDeploymentPostprocessing = 0;
		};
/* End PBXResourcesBuildPhase section */

/* Begin PBXSourcesBuildPhase section */
		B5B5CC2A2886F53700BBAB4A /* Sources */ = {
			isa = PBXSourcesBuildPhase;
			buildActionMask = 2147483647;
			files = (
				B5B5CC522889A49300BBAB4A /* AuthorizationViewModel.swift in Sources */,
				B5A2AE43289853D4009219C9 /* SettingsCellView.swift in Sources */,
				B5A2AE3F2892DFBB009219C9 /* UserModelMapper.swift in Sources */,
				B5A2AE3D2892DEB7009219C9 /* BaseModelMapper.swift in Sources */,
				B52DA6FD28A1857F00D6150C /* LocalStorage.swift in Sources */,
				B5FE081728A29ABC001CA237 /* GroupModelMapper.swift in Sources */,
				B52DA6EF28A1840900D6150C /* ApiError.swift in Sources */,
				B5A2AE4B28988602009219C9 /* SettingsListView.swift in Sources */,
				B5FE07FF28A1A959001CA237 /* ServerGroup.swift in Sources */,
				B5A2AE3A2892DD51009219C9 /* ServerUser.swift in Sources */,
				B5A2AE4928986630009219C9 /* AppButtonStyleSettings.swift in Sources */,
				B5B5CC322886F53700BBAB4A /* schoolApp.swift in Sources */,
				B5A2AE4528985447009219C9 /* ButtonModel.swift in Sources */,
				B529D21728A17C2200FE4F75 /* AuthorizationView.swift in Sources */,
				B5FE080728A1C479001CA237 /* VKAPIService.swift in Sources */,
				B52DA6F728A184F300D6150C /* Conts.swift in Sources */,
				B5A2AE62289A9B43009219C9 /* SettingsProfileView.swift in Sources */,
				B52DA6FA28A1853400D6150C /* RepresentableWebView.swift in Sources */,
				B5FE080D28A1CCF1001CA237 /* RepresentableGroupsView.swift in Sources */,
				B5B5CC572889A58D00BBAB4A /* AppButton.swift in Sources */,
				B5FE080F28A1D3D9001CA237 /* GroupViewModel2.swift in Sources */,
				B5FE080B28A1C5DD001CA237 /* GroupView.swift in Sources */,
				B5A2AE52289961DC009219C9 /* TestViewModel.swift in Sources */,
				B5A2AE342892D103009219C9 /* User.swift in Sources */,
				B52DA6FF28A18BB100D6150C /* URLComponents.swift in Sources */,
				B52DA70128A18BD100D6150C /* WebView.swift in Sources */,
				B5A2AE4D28989868009219C9 /* SettingsListViewModel.swift in Sources */,
				B5FE080228A1B0F4001CA237 /* VKAPI.swift in Sources */,
				B5B5CC592889A5AC00BBAB4A /* AppButtonStyle.swift in Sources */,
				B5A2AE58289962A6009219C9 /* Provider.swift in Sources */,
				B5A2AE54289961F4009219C9 /* TestView.swift in Sources */,
				B5FE081328A25CDC001CA237 /* File.swift in Sources */,
				B5FE080928A1C53B001CA237 /* GroupViewModel.swift in Sources */,
				B5A2AE2E28902F2D009219C9 /* AppTextField.swift in Sources */,
				B5FE081528A29A4A001CA237 /* groupModel.swift in Sources */,
				B5A2AE372892D5F5009219C9 /* UserCellView.swift in Sources */,
				B5A2AE312892D0D1009219C9 /* UsersListView.swift in Sources */,
			);
			runOnlyForDeploymentPostprocessing = 0;
		};
/* End PBXSourcesBuildPhase section */

/* Begin XCBuildConfiguration section */
		B5B5CC3A2886F53E00BBAB4A /* Debug */ = {
			isa = XCBuildConfiguration;
			buildSettings = {
				ALWAYS_SEARCH_USER_PATHS = NO;
				CLANG_ANALYZER_NONNULL = YES;
				CLANG_ANALYZER_NUMBER_OBJECT_CONVERSION = YES_AGGRESSIVE;
				CLANG_CXX_LANGUAGE_STANDARD = "gnu++17";
				CLANG_ENABLE_MODULES = YES;
				CLANG_ENABLE_OBJC_ARC = YES;
				CLANG_ENABLE_OBJC_WEAK = YES;
				CLANG_WARN_BLOCK_CAPTURE_AUTORELEASING = YES;
				CLANG_WARN_BOOL_CONVERSION = YES;
				CLANG_WARN_COMMA = YES;
				CLANG_WARN_CONSTANT_CONVERSION = YES;
				CLANG_WARN_DEPRECATED_OBJC_IMPLEMENTATIONS = YES;
				CLANG_WARN_DIRECT_OBJC_ISA_USAGE = YES_ERROR;
				CLANG_WARN_DOCUMENTATION_COMMENTS = YES;
				CLANG_WARN_EMPTY_BODY = YES;
				CLANG_WARN_ENUM_CONVERSION = YES;
				CLANG_WARN_INFINITE_RECURSION = YES;
				CLANG_WARN_INT_CONVERSION = YES;
				CLANG_WARN_NON_LITERAL_NULL_CONVERSION = YES;
				CLANG_WARN_OBJC_IMPLICIT_RETAIN_SELF = YES;
				CLANG_WARN_OBJC_LITERAL_CONVERSION = YES;
				CLANG_WARN_OBJC_ROOT_CLASS = YES_ERROR;
				CLANG_WARN_QUOTED_INCLUDE_IN_FRAMEWORK_HEADER = YES;
				CLANG_WARN_RANGE_LOOP_ANALYSIS = YES;
				CLANG_WARN_STRICT_PROTOTYPES = YES;
				CLANG_WARN_SUSPICIOUS_MOVE = YES;
				CLANG_WARN_UNGUARDED_AVAILABILITY = YES_AGGRESSIVE;
				CLANG_WARN_UNREACHABLE_CODE = YES;
				CLANG_WARN__DUPLICATE_METHOD_MATCH = YES;
				COPY_PHASE_STRIP = NO;
				DEBUG_INFORMATION_FORMAT = dwarf;
				ENABLE_STRICT_OBJC_MSGSEND = YES;
				ENABLE_TESTABILITY = YES;
				GCC_C_LANGUAGE_STANDARD = gnu11;
				GCC_DYNAMIC_NO_PIC = NO;
				GCC_NO_COMMON_BLOCKS = YES;
				GCC_OPTIMIZATION_LEVEL = 0;
				GCC_PREPROCESSOR_DEFINITIONS = (
					"DEBUG=1",
					"$(inherited)",
				);
				GCC_WARN_64_TO_32_BIT_CONVERSION = YES;
				GCC_WARN_ABOUT_RETURN_TYPE = YES_ERROR;
				GCC_WARN_UNDECLARED_SELECTOR = YES;
				GCC_WARN_UNINITIALIZED_AUTOS = YES_AGGRESSIVE;
				GCC_WARN_UNUSED_FUNCTION = YES;
				GCC_WARN_UNUSED_VARIABLE = YES;
				IPHONEOS_DEPLOYMENT_TARGET = 15.4;
				MTL_ENABLE_DEBUG_INFO = INCLUDE_SOURCE;
				MTL_FAST_MATH = YES;
				ONLY_ACTIVE_ARCH = YES;
				SDKROOT = iphoneos;
				SWIFT_ACTIVE_COMPILATION_CONDITIONS = DEBUG;
				SWIFT_OPTIMIZATION_LEVEL = "-Onone";
			};
			name = Debug;
		};
		B5B5CC3B2886F53E00BBAB4A /* Release */ = {
			isa = XCBuildConfiguration;
			buildSettings = {
				ALWAYS_SEARCH_USER_PATHS = NO;
				CLANG_ANALYZER_NONNULL = YES;
				CLANG_ANALYZER_NUMBER_OBJECT_CONVERSION = YES_AGGRESSIVE;
				CLANG_CXX_LANGUAGE_STANDARD = "gnu++17";
				CLANG_ENABLE_MODULES = YES;
				CLANG_ENABLE_OBJC_ARC = YES;
				CLANG_ENABLE_OBJC_WEAK = YES;
				CLANG_WARN_BLOCK_CAPTURE_AUTORELEASING = YES;
				CLANG_WARN_BOOL_CONVERSION = YES;
				CLANG_WARN_COMMA = YES;
				CLANG_WARN_CONSTANT_CONVERSION = YES;
				CLANG_WARN_DEPRECATED_OBJC_IMPLEMENTATIONS = YES;
				CLANG_WARN_DIRECT_OBJC_ISA_USAGE = YES_ERROR;
				CLANG_WARN_DOCUMENTATION_COMMENTS = YES;
				CLANG_WARN_EMPTY_BODY = YES;
				CLANG_WARN_ENUM_CONVERSION = YES;
				CLANG_WARN_INFINITE_RECURSION = YES;
				CLANG_WARN_INT_CONVERSION = YES;
				CLANG_WARN_NON_LITERAL_NULL_CONVERSION = YES;
				CLANG_WARN_OBJC_IMPLICIT_RETAIN_SELF = YES;
				CLANG_WARN_OBJC_LITERAL_CONVERSION = YES;
				CLANG_WARN_OBJC_ROOT_CLASS = YES_ERROR;
				CLANG_WARN_QUOTED_INCLUDE_IN_FRAMEWORK_HEADER = YES;
				CLANG_WARN_RANGE_LOOP_ANALYSIS = YES;
				CLANG_WARN_STRICT_PROTOTYPES = YES;
				CLANG_WARN_SUSPICIOUS_MOVE = YES;
				CLANG_WARN_UNGUARDED_AVAILABILITY = YES_AGGRESSIVE;
				CLANG_WARN_UNREACHABLE_CODE = YES;
				CLANG_WARN__DUPLICATE_METHOD_MATCH = YES;
				COPY_PHASE_STRIP = NO;
				DEBUG_INFORMATION_FORMAT = "dwarf-with-dsym";
				ENABLE_NS_ASSERTIONS = NO;
				ENABLE_STRICT_OBJC_MSGSEND = YES;
				GCC_C_LANGUAGE_STANDARD = gnu11;
				GCC_NO_COMMON_BLOCKS = YES;
				GCC_WARN_64_TO_32_BIT_CONVERSION = YES;
				GCC_WARN_ABOUT_RETURN_TYPE = YES_ERROR;
				GCC_WARN_UNDECLARED_SELECTOR = YES;
				GCC_WARN_UNINITIALIZED_AUTOS = YES_AGGRESSIVE;
				GCC_WARN_UNUSED_FUNCTION = YES;
				GCC_WARN_UNUSED_VARIABLE = YES;
				IPHONEOS_DEPLOYMENT_TARGET = 15.4;
				MTL_ENABLE_DEBUG_INFO = NO;
				MTL_FAST_MATH = YES;
				SDKROOT = iphoneos;
				SWIFT_COMPILATION_MODE = wholemodule;
				SWIFT_OPTIMIZATION_LEVEL = "-O";
				VALIDATE_PRODUCT = YES;
			};
			name = Release;
		};
		B5B5CC3D2886F53E00BBAB4A /* Debug */ = {
			isa = XCBuildConfiguration;
			buildSettings = {
				ASSETCATALOG_COMPILER_APPICON_NAME = AppIcon;
				ASSETCATALOG_COMPILER_GLOBAL_ACCENT_COLOR_NAME = AccentColor;
				CODE_SIGN_STYLE = Manual;
				CURRENT_PROJECT_VERSION = 1;
				DEVELOPMENT_ASSET_PATHS = "\"school/Preview Content\"";
				DEVELOPMENT_TEAM = "";
				ENABLE_PREVIEWS = YES;
				GENERATE_INFOPLIST_FILE = YES;
				INFOPLIST_KEY_UIApplicationSceneManifest_Generation = YES;
				INFOPLIST_KEY_UIApplicationSupportsIndirectInputEvents = YES;
				INFOPLIST_KEY_UILaunchScreen_Generation = YES;
				INFOPLIST_KEY_UISupportedInterfaceOrientations = UIInterfaceOrientationPortrait;
				INFOPLIST_KEY_UISupportedInterfaceOrientations_iPad = "UIInterfaceOrientationPortrait UIInterfaceOrientationPortraitUpsideDown UIInterfaceOrientationLandscapeLeft UIInterfaceOrientationLandscapeRight";
				INFOPLIST_KEY_UISupportedInterfaceOrientations_iPhone = "UIInterfaceOrientationPortrait UIInterfaceOrientationLandscapeLeft UIInterfaceOrientationLandscapeRight";
				IPHONEOS_DEPLOYMENT_TARGET = 15.4;
				LD_RUNPATH_SEARCH_PATHS = (
					"$(inherited)",
					"@executable_path/Frameworks",
				);
				MARKETING_VERSION = 1;
				PRODUCT_BUNDLE_IDENTIFIER = ParaminDanila.school;
				PRODUCT_NAME = "$(TARGET_NAME)";
				PROVISIONING_PROFILE_SPECIFIER = "";
				SWIFT_EMIT_LOC_STRINGS = YES;
				SWIFT_VERSION = 5.0;
				TARGETED_DEVICE_FAMILY = 1;
			};
			name = Debug;
		};
		B5B5CC3E2886F53E00BBAB4A /* Release */ = {
			isa = XCBuildConfiguration;
			buildSettings = {
				ASSETCATALOG_COMPILER_APPICON_NAME = AppIcon;
				ASSETCATALOG_COMPILER_GLOBAL_ACCENT_COLOR_NAME = AccentColor;
				CODE_SIGN_STYLE = Manual;
				CURRENT_PROJECT_VERSION = 1;
				DEVELOPMENT_ASSET_PATHS = "\"school/Preview Content\"";
				DEVELOPMENT_TEAM = "";
				ENABLE_PREVIEWS = YES;
				GENERATE_INFOPLIST_FILE = YES;
				INFOPLIST_KEY_UIApplicationSceneManifest_Generation = YES;
				INFOPLIST_KEY_UIApplicationSupportsIndirectInputEvents = YES;
				INFOPLIST_KEY_UILaunchScreen_Generation = YES;
				INFOPLIST_KEY_UISupportedInterfaceOrientations = UIInterfaceOrientationPortrait;
				INFOPLIST_KEY_UISupportedInterfaceOrientations_iPad = "UIInterfaceOrientationPortrait UIInterfaceOrientationPortraitUpsideDown UIInterfaceOrientationLandscapeLeft UIInterfaceOrientationLandscapeRight";
				INFOPLIST_KEY_UISupportedInterfaceOrientations_iPhone = "UIInterfaceOrientationPortrait UIInterfaceOrientationLandscapeLeft UIInterfaceOrientationLandscapeRight";
				IPHONEOS_DEPLOYMENT_TARGET = 15.4;
				LD_RUNPATH_SEARCH_PATHS = (
					"$(inherited)",
					"@executable_path/Frameworks",
				);
				MARKETING_VERSION = 1;
				PRODUCT_BUNDLE_IDENTIFIER = ParaminDanila.school;
				PRODUCT_NAME = "$(TARGET_NAME)";
				PROVISIONING_PROFILE_SPECIFIER = "";
				SWIFT_EMIT_LOC_STRINGS = YES;
				SWIFT_VERSION = 5.0;
				TARGETED_DEVICE_FAMILY = 1;
			};
			name = Release;
		};
/* End XCBuildConfiguration section */

/* Begin XCConfigurationList section */
		B5B5CC292886F53700BBAB4A /* Build configuration list for PBXProject "school" */ = {
			isa = XCConfigurationList;
			buildConfigurations = (
				B5B5CC3A2886F53E00BBAB4A /* Debug */,
				B5B5CC3B2886F53E00BBAB4A /* Release */,
			);
			defaultConfigurationIsVisible = 0;
			defaultConfigurationName = Release;
		};
		B5B5CC3C2886F53E00BBAB4A /* Build configuration list for PBXNativeTarget "school" */ = {
			isa = XCConfigurationList;
			buildConfigurations = (
				B5B5CC3D2886F53E00BBAB4A /* Debug */,
				B5B5CC3E2886F53E00BBAB4A /* Release */,
			);
			defaultConfigurationIsVisible = 0;
			defaultConfigurationName = Release;
		};
/* End XCConfigurationList section */

/* Begin XCRemoteSwiftPackageReference section */
		B5A2AE5928996757009219C9 /* XCRemoteSwiftPackageReference "Moya" */ = {
			isa = XCRemoteSwiftPackageReference;
			repositoryURL = "https://github.com/Moya/Moya";
			requirement = {
				branch = master;
				kind = branch;
			};
		};
		B5A2AE5E28996E2C009219C9 /* XCRemoteSwiftPackageReference "CombineExt" */ = {
			isa = XCRemoteSwiftPackageReference;
			repositoryURL = "https://github.com/CombineCommunity/CombineExt";
			requirement = {
				branch = main;
				kind = branch;
			};
		};
/* End XCRemoteSwiftPackageReference section */

/* Begin XCSwiftPackageProductDependency section */
		B5A2AE5A28996757009219C9 /* CombineMoya */ = {
			isa = XCSwiftPackageProductDependency;
			package = B5A2AE5928996757009219C9 /* XCRemoteSwiftPackageReference "Moya" */;
			productName = CombineMoya;
		};
		B5A2AE5C28996757009219C9 /* Moya */ = {
			isa = XCSwiftPackageProductDependency;
			package = B5A2AE5928996757009219C9 /* XCRemoteSwiftPackageReference "Moya" */;
			productName = Moya;
		};
		B5A2AE5F28996E2C009219C9 /* CombineExt */ = {
			isa = XCSwiftPackageProductDependency;
			package = B5A2AE5E28996E2C009219C9 /* XCRemoteSwiftPackageReference "CombineExt" */;
			productName = CombineExt;
		};
/* End XCSwiftPackageProductDependency section */
	};
	rootObject = B5B5CC262886F53700BBAB4A /* Project object */;
}
